// !$*UTF8*$!
{
	archiveVersion = 1;
	classes = {
	};
	objectVersion = 48;
	objects = {

/* Begin PBXBuildFile section */
		17205F0A20172C1F00E9379A /* AppDelegate.swift in Sources */ = {isa = PBXBuildFile; fileRef = 17205F0920172C1F00E9379A /* AppDelegate.swift */; };
		17205F0C20172C1F00E9379A /* ViewController.swift in Sources */ = {isa = PBXBuildFile; fileRef = 17205F0B20172C1F00E9379A /* ViewController.swift */; };
		17205F0F20172C1F00E9379A /* Main.storyboard in Resources */ = {isa = PBXBuildFile; fileRef = 17205F0D20172C1F00E9379A /* Main.storyboard */; };
		17205F1120172C1F00E9379A /* Assets.xcassets in Resources */ = {isa = PBXBuildFile; fileRef = 17205F1020172C1F00E9379A /* Assets.xcassets */; };
		17205F1420172C1F00E9379A /* LaunchScreen.storyboard in Resources */ = {isa = PBXBuildFile; fileRef = 17205F1220172C1F00E9379A /* LaunchScreen.storyboard */; };
		1C7A33B4242F2A3A0036FA0C /* XDynamicLoadImage.swift in Sources */ = {isa = PBXBuildFile; fileRef = 1C7A33B3242F2A3A0036FA0C /* XDynamicLoadImage.swift */; };
		1C7A3459242F3CFB0036FA0C /* XTiledLayerDelegate.swift in Sources */ = {isa = PBXBuildFile; fileRef = 1C7A3458242F3CFB0036FA0C /* XTiledLayerDelegate.swift */; };
		1CBDA2F8243880B80025229F /* 4_1_1.tif in Resources */ = {isa = PBXBuildFile; fileRef = 1CBDA274243880B80025229F /* 4_1_1.tif */; };
		1CBDA2F9243880B80025229F /* 4_3_3.tif in Resources */ = {isa = PBXBuildFile; fileRef = 1CBDA275243880B80025229F /* 4_3_3.tif */; };
		1CBDA2FA243880B80025229F /* 4_5_5.tif in Resources */ = {isa = PBXBuildFile; fileRef = 1CBDA276243880B80025229F /* 4_5_5.tif */; };
		1CBDA2FB243880B80025229F /* 4_9_8.tif in Resources */ = {isa = PBXBuildFile; fileRef = 1CBDA277243880B80025229F /* 4_9_8.tif */; };
		1CBDA2FC243880B80025229F /* 4_7_7.tif in Resources */ = {isa = PBXBuildFile; fileRef = 1CBDA278243880B80025229F /* 4_7_7.tif */; };
		1CBDA2FD243880B80025229F /* 4_7_6.tif in Resources */ = {isa = PBXBuildFile; fileRef = 1CBDA279243880B80025229F /* 4_7_6.tif */; };
		1CBDA2FE243880B80025229F /* 4_9_9.tif in Resources */ = {isa = PBXBuildFile; fileRef = 1CBDA27A243880B80025229F /* 4_9_9.tif */; };
		1CBDA2FF243880B80025229F /* 4_5_4.tif in Resources */ = {isa = PBXBuildFile; fileRef = 1CBDA27B243880B80025229F /* 4_5_4.tif */; };
		1CBDA300243880B80025229F /* 4_3_2.tif in Resources */ = {isa = PBXBuildFile; fileRef = 1CBDA27C243880B80025229F /* 4_3_2.tif */; };
		1CBDA301243880B80025229F /* 4_1_0.tif in Resources */ = {isa = PBXBuildFile; fileRef = 1CBDA27D243880B80025229F /* 4_1_0.tif */; };
		1CBDA302243880B80025229F /* 4_1_2.tif in Resources */ = {isa = PBXBuildFile; fileRef = 1CBDA27E243880B80025229F /* 4_1_2.tif */; };
		1CBDA303243880B80025229F /* 4_3_0.tif in Resources */ = {isa = PBXBuildFile; fileRef = 1CBDA27F243880B80025229F /* 4_3_0.tif */; };
		1CBDA304243880B80025229F /* 4_6_10.tif in Resources */ = {isa = PBXBuildFile; fileRef = 1CBDA280243880B80025229F /* 4_6_10.tif */; };
		1CBDA305243880B80025229F /* 4_5_6.tif in Resources */ = {isa = PBXBuildFile; fileRef = 1CBDA281243880B80025229F /* 4_5_6.tif */; };
		1CBDA306243880B80025229F /* 4_7_4.tif in Resources */ = {isa = PBXBuildFile; fileRef = 1CBDA282243880B80025229F /* 4_7_4.tif */; };
		1CBDA307243880B80025229F /* 4_7_5.tif in Resources */ = {isa = PBXBuildFile; fileRef = 1CBDA283243880B80025229F /* 4_7_5.tif */; };
		1CBDA308243880B80025229F /* 4_5_7.tif in Resources */ = {isa = PBXBuildFile; fileRef = 1CBDA284243880B80025229F /* 4_5_7.tif */; };
		1CBDA309243880B80025229F /* 4_6_11.tif in Resources */ = {isa = PBXBuildFile; fileRef = 1CBDA285243880B80025229F /* 4_6_11.tif */; };
		1CBDA30A243880B80025229F /* 4_3_1.tif in Resources */ = {isa = PBXBuildFile; fileRef = 1CBDA286243880B80025229F /* 4_3_1.tif */; };
		1CBDA30B243880B80025229F /* 4_1_3.tif in Resources */ = {isa = PBXBuildFile; fileRef = 1CBDA287243880B80025229F /* 4_1_3.tif */; };
		1CBDA30C243880B80025229F /* 4_1_7.tif in Resources */ = {isa = PBXBuildFile; fileRef = 1CBDA288243880B80025229F /* 4_1_7.tif */; };
		1CBDA30D243880B80025229F /* 4_3_5.tif in Resources */ = {isa = PBXBuildFile; fileRef = 1CBDA289243880B80025229F /* 4_3_5.tif */; };
		1CBDA30E243880B80025229F /* 4_4_10.tif in Resources */ = {isa = PBXBuildFile; fileRef = 1CBDA28A243880B80025229F /* 4_4_10.tif */; };
		1CBDA30F243880B80025229F /* 4_8_10.tif in Resources */ = {isa = PBXBuildFile; fileRef = 1CBDA28B243880B80025229F /* 4_8_10.tif */; };
		1CBDA310243880B80025229F /* 4_5_3.tif in Resources */ = {isa = PBXBuildFile; fileRef = 1CBDA28C243880B80025229F /* 4_5_3.tif */; };
		1CBDA311243880B80025229F /* 4_7_1.tif in Resources */ = {isa = PBXBuildFile; fileRef = 1CBDA28D243880B80025229F /* 4_7_1.tif */; };
		1CBDA312243880B80025229F /* 4_7_0.tif in Resources */ = {isa = PBXBuildFile; fileRef = 1CBDA28E243880B80025229F /* 4_7_0.tif */; };
		1CBDA313243880B80025229F /* 4_5_2.tif in Resources */ = {isa = PBXBuildFile; fileRef = 1CBDA28F243880B80025229F /* 4_5_2.tif */; };
		1CBDA314243880B80025229F /* 4_8_11.tif in Resources */ = {isa = PBXBuildFile; fileRef = 1CBDA290243880B80025229F /* 4_8_11.tif */; };
		1CBDA315243880B80025229F /* 4_3_4.tif in Resources */ = {isa = PBXBuildFile; fileRef = 1CBDA291243880B80025229F /* 4_3_4.tif */; };
		1CBDA316243880B80025229F /* 4_4_11.tif in Resources */ = {isa = PBXBuildFile; fileRef = 1CBDA292243880B80025229F /* 4_4_11.tif */; };
		1CBDA317243880B80025229F /* 4_1_6.tif in Resources */ = {isa = PBXBuildFile; fileRef = 1CBDA293243880B80025229F /* 4_1_6.tif */; };
		1CBDA318243880B80025229F /* 4_1_4.tif in Resources */ = {isa = PBXBuildFile; fileRef = 1CBDA294243880B80025229F /* 4_1_4.tif */; };
		1CBDA319243880B80025229F /* 4_3_6.tif in Resources */ = {isa = PBXBuildFile; fileRef = 1CBDA295243880B80025229F /* 4_3_6.tif */; };
		1CBDA31A243880B80025229F /* 4_5_0.tif in Resources */ = {isa = PBXBuildFile; fileRef = 1CBDA296243880B80025229F /* 4_5_0.tif */; };
		1CBDA31B243880B80025229F /* 4_7_2.tif in Resources */ = {isa = PBXBuildFile; fileRef = 1CBDA297243880B80025229F /* 4_7_2.tif */; };
		1CBDA31C243880B80025229F /* 4_7_3.tif in Resources */ = {isa = PBXBuildFile; fileRef = 1CBDA298243880B80025229F /* 4_7_3.tif */; };
		1CBDA31D243880B80025229F /* 4_5_1.tif in Resources */ = {isa = PBXBuildFile; fileRef = 1CBDA299243880B80025229F /* 4_5_1.tif */; };
		1CBDA31E243880B80025229F /* 4_3_7.tif in Resources */ = {isa = PBXBuildFile; fileRef = 1CBDA29A243880B80025229F /* 4_3_7.tif */; };
		1CBDA31F243880B80025229F /* 4_1_5.tif in Resources */ = {isa = PBXBuildFile; fileRef = 1CBDA29B243880B80025229F /* 4_1_5.tif */; };
		1CBDA320243880B80025229F /* 4_0_11.tif in Resources */ = {isa = PBXBuildFile; fileRef = 1CBDA29C243880B80025229F /* 4_0_11.tif */; };
		1CBDA321243880B80025229F /* 4_6_4.tif in Resources */ = {isa = PBXBuildFile; fileRef = 1CBDA29D243880B80025229F /* 4_6_4.tif */; };
		1CBDA322243880B80025229F /* 4_4_6.tif in Resources */ = {isa = PBXBuildFile; fileRef = 1CBDA29E243880B80025229F /* 4_4_6.tif */; };
		1CBDA323243880B80025229F /* 4_2_0.tif in Resources */ = {isa = PBXBuildFile; fileRef = 1CBDA29F243880B80025229F /* 4_2_0.tif */; };
		1CBDA324243880B80025229F /* 4_0_2.tif in Resources */ = {isa = PBXBuildFile; fileRef = 1CBDA2A0243880B80025229F /* 4_0_2.tif */; };
		1CBDA325243880B80025229F /* 4_0_3.tif in Resources */ = {isa = PBXBuildFile; fileRef = 1CBDA2A1243880B80025229F /* 4_0_3.tif */; };
		1CBDA326243880B80025229F /* 4_2_1.tif in Resources */ = {isa = PBXBuildFile; fileRef = 1CBDA2A2243880B80025229F /* 4_2_1.tif */; };
		1CBDA327243880B80025229F /* 4_4_7.tif in Resources */ = {isa = PBXBuildFile; fileRef = 1CBDA2A3243880B80025229F /* 4_4_7.tif */; };
		1CBDA328243880B80025229F /* 4_6_5.tif in Resources */ = {isa = PBXBuildFile; fileRef = 1CBDA2A4243880B80025229F /* 4_6_5.tif */; };
		1CBDA329243880B80025229F /* 4_0_10.tif in Resources */ = {isa = PBXBuildFile; fileRef = 1CBDA2A5243880B80025229F /* 4_0_10.tif */; };
		1CBDA32A243880B80025229F /* 4_8_8.tif in Resources */ = {isa = PBXBuildFile; fileRef = 1CBDA2A6243880B80025229F /* 4_8_8.tif */; };
		1CBDA32B243880B80025229F /* 4_6_7.tif in Resources */ = {isa = PBXBuildFile; fileRef = 1CBDA2A7243880B80025229F /* 4_6_7.tif */; };
		1CBDA32C243880B80025229F /* 4_4_5.tif in Resources */ = {isa = PBXBuildFile; fileRef = 1CBDA2A8243880B80025229F /* 4_4_5.tif */; };
		1CBDA32D243880B80025229F /* 4_2_3.tif in Resources */ = {isa = PBXBuildFile; fileRef = 1CBDA2A9243880B80025229F /* 4_2_3.tif */; };
		1CBDA32E243880B80025229F /* 4_0_1.tif in Resources */ = {isa = PBXBuildFile; fileRef = 1CBDA2AA243880B80025229F /* 4_0_1.tif */; };
		1CBDA32F243880B80025229F /* 4_0_0.tif in Resources */ = {isa = PBXBuildFile; fileRef = 1CBDA2AB243880B80025229F /* 4_0_0.tif */; };
		1CBDA330243880B80025229F /* 4_2_2.tif in Resources */ = {isa = PBXBuildFile; fileRef = 1CBDA2AC243880B80025229F /* 4_2_2.tif */; };
		1CBDA331243880B80025229F /* 4_4_4.tif in Resources */ = {isa = PBXBuildFile; fileRef = 1CBDA2AD243880B80025229F /* 4_4_4.tif */; };
		1CBDA332243880B80025229F /* 4_6_6.tif in Resources */ = {isa = PBXBuildFile; fileRef = 1CBDA2AE243880B80025229F /* 4_6_6.tif */; };
		1CBDA333243880B80025229F /* 4_8_9.tif in Resources */ = {isa = PBXBuildFile; fileRef = 1CBDA2AF243880B80025229F /* 4_8_9.tif */; };
		1CBDA334243880B80025229F /* 4_6_2.tif in Resources */ = {isa = PBXBuildFile; fileRef = 1CBDA2B0243880B80025229F /* 4_6_2.tif */; };
		1CBDA335243880B80025229F /* 4_4_0.tif in Resources */ = {isa = PBXBuildFile; fileRef = 1CBDA2B1243880B80025229F /* 4_4_0.tif */; };
		1CBDA336243880B80025229F /* 4_2_6.tif in Resources */ = {isa = PBXBuildFile; fileRef = 1CBDA2B2243880B80025229F /* 4_2_6.tif */; };
		1CBDA337243880B80025229F /* 4_10_9.tif in Resources */ = {isa = PBXBuildFile; fileRef = 1CBDA2B3243880B80025229F /* 4_10_9.tif */; };
		1CBDA338243880B80025229F /* 4_0_4.tif in Resources */ = {isa = PBXBuildFile; fileRef = 1CBDA2B4243880B80025229F /* 4_0_4.tif */; };
		1CBDA339243880B80025229F /* 4_0_5.tif in Resources */ = {isa = PBXBuildFile; fileRef = 1CBDA2B5243880B80025229F /* 4_0_5.tif */; };
		1CBDA33A243880B80025229F /* 4_10_8.tif in Resources */ = {isa = PBXBuildFile; fileRef = 1CBDA2B6243880B80025229F /* 4_10_8.tif */; };
		1CBDA33B243880B80025229F /* 4_2_7.tif in Resources */ = {isa = PBXBuildFile; fileRef = 1CBDA2B7243880B80025229F /* 4_2_7.tif */; };
		1CBDA33C243880B80025229F /* 4_4_1.tif in Resources */ = {isa = PBXBuildFile; fileRef = 1CBDA2B8243880B80025229F /* 4_4_1.tif */; };
		1CBDA33D243880B80025229F /* 4_6_3.tif in Resources */ = {isa = PBXBuildFile; fileRef = 1CBDA2B9243880B80025229F /* 4_6_3.tif */; };
		1CBDA33E243880B80025229F /* 4_6_1.tif in Resources */ = {isa = PBXBuildFile; fileRef = 1CBDA2BA243880B80025229F /* 4_6_1.tif */; };
		1CBDA33F243880B80025229F /* 4_4_3.tif in Resources */ = {isa = PBXBuildFile; fileRef = 1CBDA2BB243880B80025229F /* 4_4_3.tif */; };
		1CBDA340243880B80025229F /* 4_2_5.tif in Resources */ = {isa = PBXBuildFile; fileRef = 1CBDA2BC243880B80025229F /* 4_2_5.tif */; };
		1CBDA341243880B80025229F /* 4_0_7.tif in Resources */ = {isa = PBXBuildFile; fileRef = 1CBDA2BD243880B80025229F /* 4_0_7.tif */; };
		1CBDA342243880B80025229F /* 4_2_11.tif in Resources */ = {isa = PBXBuildFile; fileRef = 1CBDA2BE243880B80025229F /* 4_2_11.tif */; };
		1CBDA343243880B80025229F /* 4_2_10.tif in Resources */ = {isa = PBXBuildFile; fileRef = 1CBDA2BF243880B80025229F /* 4_2_10.tif */; };
		1CBDA344243880B80025229F /* 4_0_6.tif in Resources */ = {isa = PBXBuildFile; fileRef = 1CBDA2C0243880B80025229F /* 4_0_6.tif */; };
		1CBDA345243880B80025229F /* 4_2_4.tif in Resources */ = {isa = PBXBuildFile; fileRef = 1CBDA2C1243880B80025229F /* 4_2_4.tif */; };
		1CBDA346243880B80025229F /* 4_4_2.tif in Resources */ = {isa = PBXBuildFile; fileRef = 1CBDA2C2243880B80025229F /* 4_4_2.tif */; };
		1CBDA347243880B80025229F /* 4_6_0.tif in Resources */ = {isa = PBXBuildFile; fileRef = 1CBDA2C3243880B80025229F /* 4_6_0.tif */; };
		1CBDA348243880B80025229F /* 4_8_2.tif in Resources */ = {isa = PBXBuildFile; fileRef = 1CBDA2C4243880B80025229F /* 4_8_2.tif */; };
		1CBDA349243880B80025229F /* 4_7_11.tif in Resources */ = {isa = PBXBuildFile; fileRef = 1CBDA2C5243880B80025229F /* 4_7_11.tif */; };
		1CBDA34A243880B80025229F /* 4_2_9.tif in Resources */ = {isa = PBXBuildFile; fileRef = 1CBDA2C6243880B80025229F /* 4_2_9.tif */; };
		1CBDA34B243880B80025229F /* 4_10_6.tif in Resources */ = {isa = PBXBuildFile; fileRef = 1CBDA2C7243880B80025229F /* 4_10_6.tif */; };
		1CBDA34C243880B80025229F /* 4_10_7.tif in Resources */ = {isa = PBXBuildFile; fileRef = 1CBDA2C8243880B80025229F /* 4_10_7.tif */; };
		1CBDA34D243880B80025229F /* 4_2_8.tif in Resources */ = {isa = PBXBuildFile; fileRef = 1CBDA2C9243880B80025229F /* 4_2_8.tif */; };
		1CBDA34E243880B80025229F /* 4_7_10.tif in Resources */ = {isa = PBXBuildFile; fileRef = 1CBDA2CA243880B80025229F /* 4_7_10.tif */; };
		1CBDA34F243880B80025229F /* 4_8_3.tif in Resources */ = {isa = PBXBuildFile; fileRef = 1CBDA2CB243880B80025229F /* 4_8_3.tif */; };
		1CBDA350243880B80025229F /* 4_8_1.tif in Resources */ = {isa = PBXBuildFile; fileRef = 1CBDA2CC243880B80025229F /* 4_8_1.tif */; };
		1CBDA351243880B80025229F /* 4_10_5.tif in Resources */ = {isa = PBXBuildFile; fileRef = 1CBDA2CD243880B80025229F /* 4_10_5.tif */; };
		1CBDA352243880B80025229F /* 4_0_8.tif in Resources */ = {isa = PBXBuildFile; fileRef = 1CBDA2CE243880B80025229F /* 4_0_8.tif */; };
		1CBDA353243880B80025229F /* 4_0_9.tif in Resources */ = {isa = PBXBuildFile; fileRef = 1CBDA2CF243880B80025229F /* 4_0_9.tif */; };
		1CBDA354243880B80025229F /* 4_10_4.tif in Resources */ = {isa = PBXBuildFile; fileRef = 1CBDA2D0243880B80025229F /* 4_10_4.tif */; };
		1CBDA355243880B80025229F /* 4_8_0.tif in Resources */ = {isa = PBXBuildFile; fileRef = 1CBDA2D1243880B80025229F /* 4_8_0.tif */; };
		1CBDA356243880B80025229F /* 4_8_4.tif in Resources */ = {isa = PBXBuildFile; fileRef = 1CBDA2D2243880B80025229F /* 4_8_4.tif */; };
		1CBDA357243880B80025229F /* 4_4_9.tif in Resources */ = {isa = PBXBuildFile; fileRef = 1CBDA2D3243880B80025229F /* 4_4_9.tif */; };
		1CBDA358243880B80025229F /* 4_10_0.tif in Resources */ = {isa = PBXBuildFile; fileRef = 1CBDA2D4243880B80025229F /* 4_10_0.tif */; };
		1CBDA359243880B80025229F /* 4_10_1.tif in Resources */ = {isa = PBXBuildFile; fileRef = 1CBDA2D5243880B80025229F /* 4_10_1.tif */; };
		1CBDA35A243880B80025229F /* 4_4_8.tif in Resources */ = {isa = PBXBuildFile; fileRef = 1CBDA2D6243880B80025229F /* 4_4_8.tif */; };
		1CBDA35B243880B80025229F /* 4_8_5.tif in Resources */ = {isa = PBXBuildFile; fileRef = 1CBDA2D7243880B80025229F /* 4_8_5.tif */; };
		1CBDA35C243880B80025229F /* 4_8_7.tif in Resources */ = {isa = PBXBuildFile; fileRef = 1CBDA2D8243880B80025229F /* 4_8_7.tif */; };
		1CBDA35D243880B80025229F /* 4_6_8.tif in Resources */ = {isa = PBXBuildFile; fileRef = 1CBDA2D9243880B80025229F /* 4_6_8.tif */; };
		1CBDA35E243880B80025229F /* 4_9_11.tif in Resources */ = {isa = PBXBuildFile; fileRef = 1CBDA2DA243880B80025229F /* 4_9_11.tif */; };
		1CBDA35F243880B80025229F /* 4_5_11.tif in Resources */ = {isa = PBXBuildFile; fileRef = 1CBDA2DB243880B80025229F /* 4_5_11.tif */; };
		1CBDA360243880B80025229F /* 4_10_3.tif in Resources */ = {isa = PBXBuildFile; fileRef = 1CBDA2DC243880B80025229F /* 4_10_3.tif */; };
		1CBDA361243880B80025229F /* 4_10_2.tif in Resources */ = {isa = PBXBuildFile; fileRef = 1CBDA2DD243880B80025229F /* 4_10_2.tif */; };
		1CBDA362243880B80025229F /* 4_5_10.tif in Resources */ = {isa = PBXBuildFile; fileRef = 1CBDA2DE243880B80025229F /* 4_5_10.tif */; };
		1CBDA363243880B80025229F /* 4_9_10.tif in Resources */ = {isa = PBXBuildFile; fileRef = 1CBDA2DF243880B80025229F /* 4_9_10.tif */; };
		1CBDA364243880B80025229F /* 4_6_9.tif in Resources */ = {isa = PBXBuildFile; fileRef = 1CBDA2E0243880B80025229F /* 4_6_9.tif */; };
		1CBDA365243880B80025229F /* 4_8_6.tif in Resources */ = {isa = PBXBuildFile; fileRef = 1CBDA2E1243880B80025229F /* 4_8_6.tif */; };
		1CBDA366243880B80025229F /* 4_1_8.tif in Resources */ = {isa = PBXBuildFile; fileRef = 1CBDA2E2243880B80025229F /* 4_1_8.tif */; };
		1CBDA367243880B80025229F /* 4_9_1.tif in Resources */ = {isa = PBXBuildFile; fileRef = 1CBDA2E3243880B80025229F /* 4_9_1.tif */; };
		1CBDA368243880B80025229F /* 4_9_0.tif in Resources */ = {isa = PBXBuildFile; fileRef = 1CBDA2E4243880B80025229F /* 4_9_0.tif */; };
		1CBDA369243880B80025229F /* 4_1_9.tif in Resources */ = {isa = PBXBuildFile; fileRef = 1CBDA2E5243880B80025229F /* 4_1_9.tif */; };
		1CBDA36A243880B80025229F /* 4_3_9.tif in Resources */ = {isa = PBXBuildFile; fileRef = 1CBDA2E6243880B80025229F /* 4_3_9.tif */; };
		1CBDA36B243880B80025229F /* 4_1_10.tif in Resources */ = {isa = PBXBuildFile; fileRef = 1CBDA2E7243880B80025229F /* 4_1_10.tif */; };
		1CBDA36C243880B80025229F /* 4_9_2.tif in Resources */ = {isa = PBXBuildFile; fileRef = 1CBDA2E8243880B80025229F /* 4_9_2.tif */; };
		1CBDA36D243880B80025229F /* 4_9_3.tif in Resources */ = {isa = PBXBuildFile; fileRef = 1CBDA2E9243880B80025229F /* 4_9_3.tif */; };
		1CBDA36E243880B80025229F /* 4_1_11.tif in Resources */ = {isa = PBXBuildFile; fileRef = 1CBDA2EA243880B80025229F /* 4_1_11.tif */; };
		1CBDA36F243880B80025229F /* 4_3_8.tif in Resources */ = {isa = PBXBuildFile; fileRef = 1CBDA2EB243880B80025229F /* 4_3_8.tif */; };
		1CBDA370243880B80025229F /* 4_3_10.tif in Resources */ = {isa = PBXBuildFile; fileRef = 1CBDA2EC243880B80025229F /* 4_3_10.tif */; };
		1CBDA371243880B80025229F /* 4_9_7.tif in Resources */ = {isa = PBXBuildFile; fileRef = 1CBDA2ED243880B80025229F /* 4_9_7.tif */; };
		1CBDA372243880B80025229F /* 4_7_8.tif in Resources */ = {isa = PBXBuildFile; fileRef = 1CBDA2EE243880B80025229F /* 4_7_8.tif */; };
		1CBDA373243880B80025229F /* 4_7_9.tif in Resources */ = {isa = PBXBuildFile; fileRef = 1CBDA2EF243880B80025229F /* 4_7_9.tif */; };
		1CBDA374243880B80025229F /* 4_9_6.tif in Resources */ = {isa = PBXBuildFile; fileRef = 1CBDA2F0243880B80025229F /* 4_9_6.tif */; };
		1CBDA375243880B80025229F /* 4_3_11.tif in Resources */ = {isa = PBXBuildFile; fileRef = 1CBDA2F1243880B80025229F /* 4_3_11.tif */; };
		1CBDA376243880B80025229F /* 4_10_10.tif in Resources */ = {isa = PBXBuildFile; fileRef = 1CBDA2F2243880B80025229F /* 4_10_10.tif */; };
		1CBDA377243880B80025229F /* 4_5_9.tif in Resources */ = {isa = PBXBuildFile; fileRef = 1CBDA2F3243880B80025229F /* 4_5_9.tif */; };
		1CBDA378243880B80025229F /* 4_9_4.tif in Resources */ = {isa = PBXBuildFile; fileRef = 1CBDA2F4243880B80025229F /* 4_9_4.tif */; };
		1CBDA379243880B80025229F /* 4_9_5.tif in Resources */ = {isa = PBXBuildFile; fileRef = 1CBDA2F5243880B80025229F /* 4_9_5.tif */; };
		1CBDA37A243880B80025229F /* 4_5_8.tif in Resources */ = {isa = PBXBuildFile; fileRef = 1CBDA2F6243880B80025229F /* 4_5_8.tif */; };
		1CBDA37B243880B80025229F /* 4_10_11.tif in Resources */ = {isa = PBXBuildFile; fileRef = 1CBDA2F7243880B80025229F /* 4_10_11.tif */; };
		5C5327952435E03B00A85C4C /* XMultipleSwitchView.swift in Sources */ = {isa = PBXBuildFile; fileRef = 5C5327942435E03B00A85C4C /* XMultipleSwitchView.swift */; };
		5C5327972435E4BE00A85C4C /* XMultipleSwitchViewAttributes.swift in Sources */ = {isa = PBXBuildFile; fileRef = 5C5327962435E4BE00A85C4C /* XMultipleSwitchViewAttributes.swift */; };
		C43522C724384AFD00104EA7 /* 5_1_4.tif in Resources */ = {isa = PBXBuildFile; fileRef = C43522A324384AFD00104EA7 /* 5_1_4.tif */; };
		C43522C824384AFD00104EA7 /* 5_5_0.tif in Resources */ = {isa = PBXBuildFile; fileRef = C43522A424384AFD00104EA7 /* 5_5_0.tif */; };
		C43522C924384AFD00104EA7 /* 5_5_1.tif in Resources */ = {isa = PBXBuildFile; fileRef = C43522A524384AFD00104EA7 /* 5_5_1.tif */; };
		C43522CA24384AFD00104EA7 /* 5_1_5.tif in Resources */ = {isa = PBXBuildFile; fileRef = C43522A624384AFD00104EA7 /* 5_1_5.tif */; };
		C43522CB24384AFD00104EA7 /* 5_3_5.tif in Resources */ = {isa = PBXBuildFile; fileRef = C43522A724384AFD00104EA7 /* 5_3_5.tif */; };
		C43522CC24384AFD00104EA7 /* 5_5_3.tif in Resources */ = {isa = PBXBuildFile; fileRef = C43522A824384AFD00104EA7 /* 5_5_3.tif */; };
		C43522CD24384AFD00104EA7 /* 5_5_2.tif in Resources */ = {isa = PBXBuildFile; fileRef = C43522A924384AFD00104EA7 /* 5_5_2.tif */; };
		C43522CE24384AFD00104EA7 /* 5_3_4.tif in Resources */ = {isa = PBXBuildFile; fileRef = C43522AA24384AFD00104EA7 /* 5_3_4.tif */; };
		C43522CF24384AFD00104EA7 /* 5_3_0.tif in Resources */ = {isa = PBXBuildFile; fileRef = C43522AB24384AFD00104EA7 /* 5_3_0.tif */; };
		C43522D024384AFD00104EA7 /* 5_1_2.tif in Resources */ = {isa = PBXBuildFile; fileRef = C43522AC24384AFD00104EA7 /* 5_1_2.tif */; };
		C43522D124384AFD00104EA7 /* 5_1_3.tif in Resources */ = {isa = PBXBuildFile; fileRef = C43522AD24384AFD00104EA7 /* 5_1_3.tif */; };
		C43522D224384AFD00104EA7 /* 5_3_1.tif in Resources */ = {isa = PBXBuildFile; fileRef = C43522AE24384AFD00104EA7 /* 5_3_1.tif */; };
		C43522D324384AFD00104EA7 /* 5_3_3.tif in Resources */ = {isa = PBXBuildFile; fileRef = C43522AF24384AFD00104EA7 /* 5_3_3.tif */; };
		C43522D424384AFD00104EA7 /* 5_1_1.tif in Resources */ = {isa = PBXBuildFile; fileRef = C43522B024384AFD00104EA7 /* 5_1_1.tif */; };
		C43522D524384AFD00104EA7 /* 5_5_5.tif in Resources */ = {isa = PBXBuildFile; fileRef = C43522B124384AFD00104EA7 /* 5_5_5.tif */; };
		C43522D624384AFD00104EA7 /* 5_5_4.tif in Resources */ = {isa = PBXBuildFile; fileRef = C43522B224384AFD00104EA7 /* 5_5_4.tif */; };
		C43522D724384AFD00104EA7 /* 5_1_0.tif in Resources */ = {isa = PBXBuildFile; fileRef = C43522B324384AFD00104EA7 /* 5_1_0.tif */; };
		C43522D824384AFD00104EA7 /* 5_3_2.tif in Resources */ = {isa = PBXBuildFile; fileRef = C43522B424384AFD00104EA7 /* 5_3_2.tif */; };
		C43522D924384AFD00104EA7 /* 5_4_3.tif in Resources */ = {isa = PBXBuildFile; fileRef = C43522B524384AFD00104EA7 /* 5_4_3.tif */; };
		C43522DA24384AFD00104EA7 /* 5_2_5.tif in Resources */ = {isa = PBXBuildFile; fileRef = C43522B624384AFD00104EA7 /* 5_2_5.tif */; };
		C43522DB24384AFD00104EA7 /* 5_2_4.tif in Resources */ = {isa = PBXBuildFile; fileRef = C43522B724384AFD00104EA7 /* 5_2_4.tif */; };
		C43522DC24384AFD00104EA7 /* 5_4_2.tif in Resources */ = {isa = PBXBuildFile; fileRef = C43522B824384AFD00104EA7 /* 5_4_2.tif */; };
		C43522DD24384AFD00104EA7 /* 5_4_0.tif in Resources */ = {isa = PBXBuildFile; fileRef = C43522B924384AFD00104EA7 /* 5_4_0.tif */; };
		C43522DE24384AFD00104EA7 /* 5_0_4.tif in Resources */ = {isa = PBXBuildFile; fileRef = C43522BA24384AFD00104EA7 /* 5_0_4.tif */; };
		C43522DF24384AFD00104EA7 /* 5_0_5.tif in Resources */ = {isa = PBXBuildFile; fileRef = C43522BB24384AFD00104EA7 /* 5_0_5.tif */; };
		C43522E024384AFD00104EA7 /* 5_4_1.tif in Resources */ = {isa = PBXBuildFile; fileRef = C43522BC24384AFD00104EA7 /* 5_4_1.tif */; };
		C43522E124384AFD00104EA7 /* 5_4_5.tif in Resources */ = {isa = PBXBuildFile; fileRef = C43522BD24384AFD00104EA7 /* 5_4_5.tif */; };
		C43522E224384AFD00104EA7 /* 5_0_1.tif in Resources */ = {isa = PBXBuildFile; fileRef = C43522BE24384AFD00104EA7 /* 5_0_1.tif */; };
		C43522E324384AFD00104EA7 /* 5_2_3.tif in Resources */ = {isa = PBXBuildFile; fileRef = C43522BF24384AFD00104EA7 /* 5_2_3.tif */; };
		C43522E424384AFD00104EA7 /* 5_2_2.tif in Resources */ = {isa = PBXBuildFile; fileRef = C43522C024384AFD00104EA7 /* 5_2_2.tif */; };
		C43522E524384AFD00104EA7 /* 5_0_0.tif in Resources */ = {isa = PBXBuildFile; fileRef = C43522C124384AFD00104EA7 /* 5_0_0.tif */; };
		C43522E624384AFD00104EA7 /* 5_4_4.tif in Resources */ = {isa = PBXBuildFile; fileRef = C43522C224384AFD00104EA7 /* 5_4_4.tif */; };
		C43522E724384AFD00104EA7 /* 5_0_2.tif in Resources */ = {isa = PBXBuildFile; fileRef = C43522C324384AFD00104EA7 /* 5_0_2.tif */; };
		C43522E824384AFD00104EA7 /* 5_2_0.tif in Resources */ = {isa = PBXBuildFile; fileRef = C43522C424384AFD00104EA7 /* 5_2_0.tif */; };
		C43522E924384AFD00104EA7 /* 5_2_1.tif in Resources */ = {isa = PBXBuildFile; fileRef = C43522C524384AFD00104EA7 /* 5_2_1.tif */; };
		C43522EA24384AFD00104EA7 /* 5_0_3.tif in Resources */ = {isa = PBXBuildFile; fileRef = C43522C624384AFD00104EA7 /* 5_0_3.tif */; };
		C443BD032413D77400C1A693 /* ImageCache.swift in Sources */ = {isa = PBXBuildFile; fileRef = C443BCEB2413D77300C1A693 /* ImageCache.swift */; };
		C443BD042413D77400C1A693 /* ThreadHelper.swift in Sources */ = {isa = PBXBuildFile; fileRef = C443BCEC2413D77300C1A693 /* ThreadHelper.swift */; };
		C443BD052413D77400C1A693 /* Kingfisher.swift in Sources */ = {isa = PBXBuildFile; fileRef = C443BCED2413D77300C1A693 /* Kingfisher.swift */; };
		C443BD062413D77400C1A693 /* RequestModifier.swift in Sources */ = {isa = PBXBuildFile; fileRef = C443BCEE2413D77300C1A693 /* RequestModifier.swift */; };
		C443BD072413D77400C1A693 /* ImageView+Kingfisher.swift in Sources */ = {isa = PBXBuildFile; fileRef = C443BCEF2413D77300C1A693 /* ImageView+Kingfisher.swift */; };
		C443BD082413D77400C1A693 /* Image.swift in Sources */ = {isa = PBXBuildFile; fileRef = C443BCF02413D77300C1A693 /* Image.swift */; };
		C443BD092413D77400C1A693 /* Indicator.swift in Sources */ = {isa = PBXBuildFile; fileRef = C443BCF12413D77300C1A693 /* Indicator.swift */; };
		C443BD0A2413D77400C1A693 /* CacheSerializer.swift in Sources */ = {isa = PBXBuildFile; fileRef = C443BCF22413D77300C1A693 /* CacheSerializer.swift */; };
		C443BD0B2413D77400C1A693 /* UIButton+Kingfisher.swift in Sources */ = {isa = PBXBuildFile; fileRef = C443BCF32413D77300C1A693 /* UIButton+Kingfisher.swift */; };
		C443BD0C2413D77400C1A693 /* Resource.swift in Sources */ = {isa = PBXBuildFile; fileRef = C443BCF42413D77300C1A693 /* Resource.swift */; };
		C443BD0D2413D77400C1A693 /* ImageDownloader.swift in Sources */ = {isa = PBXBuildFile; fileRef = C443BCF52413D77300C1A693 /* ImageDownloader.swift */; };
		C443BD0E2413D77400C1A693 /* Box.swift in Sources */ = {isa = PBXBuildFile; fileRef = C443BCF72413D77400C1A693 /* Box.swift */; };
		C443BD0F2413D77400C1A693 /* ImageModifier.swift in Sources */ = {isa = PBXBuildFile; fileRef = C443BCF82413D77400C1A693 /* ImageModifier.swift */; };
		C443BD102413D77400C1A693 /* KingfisherManager.swift in Sources */ = {isa = PBXBuildFile; fileRef = C443BCF92413D77400C1A693 /* KingfisherManager.swift */; };
		C443BD112413D77400C1A693 /* FormatIndicatedCacheSerializer.swift in Sources */ = {isa = PBXBuildFile; fileRef = C443BCFA2413D77400C1A693 /* FormatIndicatedCacheSerializer.swift */; };
		C443BD122413D77400C1A693 /* ImageTransition.swift in Sources */ = {isa = PBXBuildFile; fileRef = C443BCFB2413D77400C1A693 /* ImageTransition.swift */; };
		C443BD132413D77400C1A693 /* AnimatedImageView.swift in Sources */ = {isa = PBXBuildFile; fileRef = C443BCFC2413D77400C1A693 /* AnimatedImageView.swift */; };
		C443BD142413D77400C1A693 /* String+MD5.swift in Sources */ = {isa = PBXBuildFile; fileRef = C443BCFD2413D77400C1A693 /* String+MD5.swift */; };
		C443BD152413D77400C1A693 /* ImageProcessor.swift in Sources */ = {isa = PBXBuildFile; fileRef = C443BCFE2413D77400C1A693 /* ImageProcessor.swift */; };
		C443BD162413D77400C1A693 /* Filter.swift in Sources */ = {isa = PBXBuildFile; fileRef = C443BCFF2413D77400C1A693 /* Filter.swift */; };
		C443BD172413D77400C1A693 /* Placeholder.swift in Sources */ = {isa = PBXBuildFile; fileRef = C443BD002413D77400C1A693 /* Placeholder.swift */; };
		C443BD182413D77400C1A693 /* KingfisherOptionsInfo.swift in Sources */ = {isa = PBXBuildFile; fileRef = C443BD012413D77400C1A693 /* KingfisherOptionsInfo.swift */; };
		C443BD192413D77400C1A693 /* ImagePrefetcher.swift in Sources */ = {isa = PBXBuildFile; fileRef = C443BD022413D77400C1A693 /* ImagePrefetcher.swift */; };
		C45AB6C3242EE00D00254B90 /* XCoordinateMagage.swift in Sources */ = {isa = PBXBuildFile; fileRef = C45AB6C1242EE00D00254B90 /* XCoordinateMagage.swift */; };
		C45AB6C4242EE00D00254B90 /* XImageView.swift in Sources */ = {isa = PBXBuildFile; fileRef = C45AB6C2242EE00D00254B90 /* XImageView.swift */; };
		C4F0FA672421C73900554680 /* Buffer.swift in Sources */ = {isa = PBXBuildFile; fileRef = C4F0FA662421C73900554680 /* Buffer.swift */; };
		C4F0FA692421C76500554680 /* Viewport.swift in Sources */ = {isa = PBXBuildFile; fileRef = C4F0FA682421C76500554680 /* Viewport.swift */; };
		C4F0FA6B2421C80E00554680 /* Loading.swift in Sources */ = {isa = PBXBuildFile; fileRef = C4F0FA6A2421C80E00554680 /* Loading.swift */; };
/* End PBXBuildFile section */

/* Begin PBXFileReference section */
		17205F0620172C1F00E9379A /* TYTiedRender.app */ = {isa = PBXFileReference; explicitFileType = wrapper.application; includeInIndex = 0; path = TYTiedRender.app; sourceTree = BUILT_PRODUCTS_DIR; };
		17205F0920172C1F00E9379A /* AppDelegate.swift */ = {isa = PBXFileReference; lastKnownFileType = sourcecode.swift; path = AppDelegate.swift; sourceTree = "<group>"; };
		17205F0B20172C1F00E9379A /* ViewController.swift */ = {isa = PBXFileReference; lastKnownFileType = sourcecode.swift; path = ViewController.swift; sourceTree = "<group>"; };
		17205F0E20172C1F00E9379A /* Base */ = {isa = PBXFileReference; lastKnownFileType = file.storyboard; name = Base; path = Base.lproj/Main.storyboard; sourceTree = "<group>"; };
		17205F1020172C1F00E9379A /* Assets.xcassets */ = {isa = PBXFileReference; lastKnownFileType = folder.assetcatalog; path = Assets.xcassets; sourceTree = "<group>"; };
		17205F1320172C1F00E9379A /* Base */ = {isa = PBXFileReference; lastKnownFileType = file.storyboard; name = Base; path = Base.lproj/LaunchScreen.storyboard; sourceTree = "<group>"; };
		17205F1520172C1F00E9379A /* Info.plist */ = {isa = PBXFileReference; lastKnownFileType = text.plist.xml; path = Info.plist; sourceTree = "<group>"; };
		1C7A33B3242F2A3A0036FA0C /* XDynamicLoadImage.swift */ = {isa = PBXFileReference; lastKnownFileType = sourcecode.swift; path = XDynamicLoadImage.swift; sourceTree = "<group>"; };
		1C7A3458242F3CFB0036FA0C /* XTiledLayerDelegate.swift */ = {isa = PBXFileReference; lastKnownFileType = sourcecode.swift; path = XTiledLayerDelegate.swift; sourceTree = "<group>"; };
		1CBDA274243880B80025229F /* 4_1_1.tif */ = {isa = PBXFileReference; lastKnownFileType = image.tiff; path = 4_1_1.tif; sourceTree = "<group>"; };
		1CBDA275243880B80025229F /* 4_3_3.tif */ = {isa = PBXFileReference; lastKnownFileType = image.tiff; path = 4_3_3.tif; sourceTree = "<group>"; };
		1CBDA276243880B80025229F /* 4_5_5.tif */ = {isa = PBXFileReference; lastKnownFileType = image.tiff; path = 4_5_5.tif; sourceTree = "<group>"; };
		1CBDA277243880B80025229F /* 4_9_8.tif */ = {isa = PBXFileReference; lastKnownFileType = image.tiff; path = 4_9_8.tif; sourceTree = "<group>"; };
		1CBDA278243880B80025229F /* 4_7_7.tif */ = {isa = PBXFileReference; lastKnownFileType = image.tiff; path = 4_7_7.tif; sourceTree = "<group>"; };
		1CBDA279243880B80025229F /* 4_7_6.tif */ = {isa = PBXFileReference; lastKnownFileType = image.tiff; path = 4_7_6.tif; sourceTree = "<group>"; };
		1CBDA27A243880B80025229F /* 4_9_9.tif */ = {isa = PBXFileReference; lastKnownFileType = image.tiff; path = 4_9_9.tif; sourceTree = "<group>"; };
		1CBDA27B243880B80025229F /* 4_5_4.tif */ = {isa = PBXFileReference; lastKnownFileType = image.tiff; path = 4_5_4.tif; sourceTree = "<group>"; };
		1CBDA27C243880B80025229F /* 4_3_2.tif */ = {isa = PBXFileReference; lastKnownFileType = image.tiff; path = 4_3_2.tif; sourceTree = "<group>"; };
		1CBDA27D243880B80025229F /* 4_1_0.tif */ = {isa = PBXFileReference; lastKnownFileType = image.tiff; path = 4_1_0.tif; sourceTree = "<group>"; };
		1CBDA27E243880B80025229F /* 4_1_2.tif */ = {isa = PBXFileReference; lastKnownFileType = image.tiff; path = 4_1_2.tif; sourceTree = "<group>"; };
		1CBDA27F243880B80025229F /* 4_3_0.tif */ = {isa = PBXFileReference; lastKnownFileType = image.tiff; path = 4_3_0.tif; sourceTree = "<group>"; };
		1CBDA280243880B80025229F /* 4_6_10.tif */ = {isa = PBXFileReference; lastKnownFileType = image.tiff; path = 4_6_10.tif; sourceTree = "<group>"; };
		1CBDA281243880B80025229F /* 4_5_6.tif */ = {isa = PBXFileReference; lastKnownFileType = image.tiff; path = 4_5_6.tif; sourceTree = "<group>"; };
		1CBDA282243880B80025229F /* 4_7_4.tif */ = {isa = PBXFileReference; lastKnownFileType = image.tiff; path = 4_7_4.tif; sourceTree = "<group>"; };
		1CBDA283243880B80025229F /* 4_7_5.tif */ = {isa = PBXFileReference; lastKnownFileType = image.tiff; path = 4_7_5.tif; sourceTree = "<group>"; };
		1CBDA284243880B80025229F /* 4_5_7.tif */ = {isa = PBXFileReference; lastKnownFileType = image.tiff; path = 4_5_7.tif; sourceTree = "<group>"; };
		1CBDA285243880B80025229F /* 4_6_11.tif */ = {isa = PBXFileReference; lastKnownFileType = image.tiff; path = 4_6_11.tif; sourceTree = "<group>"; };
		1CBDA286243880B80025229F /* 4_3_1.tif */ = {isa = PBXFileReference; lastKnownFileType = image.tiff; path = 4_3_1.tif; sourceTree = "<group>"; };
		1CBDA287243880B80025229F /* 4_1_3.tif */ = {isa = PBXFileReference; lastKnownFileType = image.tiff; path = 4_1_3.tif; sourceTree = "<group>"; };
		1CBDA288243880B80025229F /* 4_1_7.tif */ = {isa = PBXFileReference; lastKnownFileType = image.tiff; path = 4_1_7.tif; sourceTree = "<group>"; };
		1CBDA289243880B80025229F /* 4_3_5.tif */ = {isa = PBXFileReference; lastKnownFileType = image.tiff; path = 4_3_5.tif; sourceTree = "<group>"; };
		1CBDA28A243880B80025229F /* 4_4_10.tif */ = {isa = PBXFileReference; lastKnownFileType = image.tiff; path = 4_4_10.tif; sourceTree = "<group>"; };
		1CBDA28B243880B80025229F /* 4_8_10.tif */ = {isa = PBXFileReference; lastKnownFileType = image.tiff; path = 4_8_10.tif; sourceTree = "<group>"; };
		1CBDA28C243880B80025229F /* 4_5_3.tif */ = {isa = PBXFileReference; lastKnownFileType = image.tiff; path = 4_5_3.tif; sourceTree = "<group>"; };
		1CBDA28D243880B80025229F /* 4_7_1.tif */ = {isa = PBXFileReference; lastKnownFileType = image.tiff; path = 4_7_1.tif; sourceTree = "<group>"; };
		1CBDA28E243880B80025229F /* 4_7_0.tif */ = {isa = PBXFileReference; lastKnownFileType = image.tiff; path = 4_7_0.tif; sourceTree = "<group>"; };
		1CBDA28F243880B80025229F /* 4_5_2.tif */ = {isa = PBXFileReference; lastKnownFileType = image.tiff; path = 4_5_2.tif; sourceTree = "<group>"; };
		1CBDA290243880B80025229F /* 4_8_11.tif */ = {isa = PBXFileReference; lastKnownFileType = image.tiff; path = 4_8_11.tif; sourceTree = "<group>"; };
		1CBDA291243880B80025229F /* 4_3_4.tif */ = {isa = PBXFileReference; lastKnownFileType = image.tiff; path = 4_3_4.tif; sourceTree = "<group>"; };
		1CBDA292243880B80025229F /* 4_4_11.tif */ = {isa = PBXFileReference; lastKnownFileType = image.tiff; path = 4_4_11.tif; sourceTree = "<group>"; };
		1CBDA293243880B80025229F /* 4_1_6.tif */ = {isa = PBXFileReference; lastKnownFileType = image.tiff; path = 4_1_6.tif; sourceTree = "<group>"; };
		1CBDA294243880B80025229F /* 4_1_4.tif */ = {isa = PBXFileReference; lastKnownFileType = image.tiff; path = 4_1_4.tif; sourceTree = "<group>"; };
		1CBDA295243880B80025229F /* 4_3_6.tif */ = {isa = PBXFileReference; lastKnownFileType = image.tiff; path = 4_3_6.tif; sourceTree = "<group>"; };
		1CBDA296243880B80025229F /* 4_5_0.tif */ = {isa = PBXFileReference; lastKnownFileType = image.tiff; path = 4_5_0.tif; sourceTree = "<group>"; };
		1CBDA297243880B80025229F /* 4_7_2.tif */ = {isa = PBXFileReference; lastKnownFileType = image.tiff; path = 4_7_2.tif; sourceTree = "<group>"; };
		1CBDA298243880B80025229F /* 4_7_3.tif */ = {isa = PBXFileReference; lastKnownFileType = image.tiff; path = 4_7_3.tif; sourceTree = "<group>"; };
		1CBDA299243880B80025229F /* 4_5_1.tif */ = {isa = PBXFileReference; lastKnownFileType = image.tiff; path = 4_5_1.tif; sourceTree = "<group>"; };
		1CBDA29A243880B80025229F /* 4_3_7.tif */ = {isa = PBXFileReference; lastKnownFileType = image.tiff; path = 4_3_7.tif; sourceTree = "<group>"; };
		1CBDA29B243880B80025229F /* 4_1_5.tif */ = {isa = PBXFileReference; lastKnownFileType = image.tiff; path = 4_1_5.tif; sourceTree = "<group>"; };
		1CBDA29C243880B80025229F /* 4_0_11.tif */ = {isa = PBXFileReference; lastKnownFileType = image.tiff; path = 4_0_11.tif; sourceTree = "<group>"; };
		1CBDA29D243880B80025229F /* 4_6_4.tif */ = {isa = PBXFileReference; lastKnownFileType = image.tiff; path = 4_6_4.tif; sourceTree = "<group>"; };
		1CBDA29E243880B80025229F /* 4_4_6.tif */ = {isa = PBXFileReference; lastKnownFileType = image.tiff; path = 4_4_6.tif; sourceTree = "<group>"; };
		1CBDA29F243880B80025229F /* 4_2_0.tif */ = {isa = PBXFileReference; lastKnownFileType = image.tiff; path = 4_2_0.tif; sourceTree = "<group>"; };
		1CBDA2A0243880B80025229F /* 4_0_2.tif */ = {isa = PBXFileReference; lastKnownFileType = image.tiff; path = 4_0_2.tif; sourceTree = "<group>"; };
		1CBDA2A1243880B80025229F /* 4_0_3.tif */ = {isa = PBXFileReference; lastKnownFileType = image.tiff; path = 4_0_3.tif; sourceTree = "<group>"; };
		1CBDA2A2243880B80025229F /* 4_2_1.tif */ = {isa = PBXFileReference; lastKnownFileType = image.tiff; path = 4_2_1.tif; sourceTree = "<group>"; };
		1CBDA2A3243880B80025229F /* 4_4_7.tif */ = {isa = PBXFileReference; lastKnownFileType = image.tiff; path = 4_4_7.tif; sourceTree = "<group>"; };
		1CBDA2A4243880B80025229F /* 4_6_5.tif */ = {isa = PBXFileReference; lastKnownFileType = image.tiff; path = 4_6_5.tif; sourceTree = "<group>"; };
		1CBDA2A5243880B80025229F /* 4_0_10.tif */ = {isa = PBXFileReference; lastKnownFileType = image.tiff; path = 4_0_10.tif; sourceTree = "<group>"; };
		1CBDA2A6243880B80025229F /* 4_8_8.tif */ = {isa = PBXFileReference; lastKnownFileType = image.tiff; path = 4_8_8.tif; sourceTree = "<group>"; };
		1CBDA2A7243880B80025229F /* 4_6_7.tif */ = {isa = PBXFileReference; lastKnownFileType = image.tiff; path = 4_6_7.tif; sourceTree = "<group>"; };
		1CBDA2A8243880B80025229F /* 4_4_5.tif */ = {isa = PBXFileReference; lastKnownFileType = image.tiff; path = 4_4_5.tif; sourceTree = "<group>"; };
		1CBDA2A9243880B80025229F /* 4_2_3.tif */ = {isa = PBXFileReference; lastKnownFileType = image.tiff; path = 4_2_3.tif; sourceTree = "<group>"; };
		1CBDA2AA243880B80025229F /* 4_0_1.tif */ = {isa = PBXFileReference; lastKnownFileType = image.tiff; path = 4_0_1.tif; sourceTree = "<group>"; };
		1CBDA2AB243880B80025229F /* 4_0_0.tif */ = {isa = PBXFileReference; lastKnownFileType = image.tiff; path = 4_0_0.tif; sourceTree = "<group>"; };
		1CBDA2AC243880B80025229F /* 4_2_2.tif */ = {isa = PBXFileReference; lastKnownFileType = image.tiff; path = 4_2_2.tif; sourceTree = "<group>"; };
		1CBDA2AD243880B80025229F /* 4_4_4.tif */ = {isa = PBXFileReference; lastKnownFileType = image.tiff; path = 4_4_4.tif; sourceTree = "<group>"; };
		1CBDA2AE243880B80025229F /* 4_6_6.tif */ = {isa = PBXFileReference; lastKnownFileType = image.tiff; path = 4_6_6.tif; sourceTree = "<group>"; };
		1CBDA2AF243880B80025229F /* 4_8_9.tif */ = {isa = PBXFileReference; lastKnownFileType = image.tiff; path = 4_8_9.tif; sourceTree = "<group>"; };
		1CBDA2B0243880B80025229F /* 4_6_2.tif */ = {isa = PBXFileReference; lastKnownFileType = image.tiff; path = 4_6_2.tif; sourceTree = "<group>"; };
		1CBDA2B1243880B80025229F /* 4_4_0.tif */ = {isa = PBXFileReference; lastKnownFileType = image.tiff; path = 4_4_0.tif; sourceTree = "<group>"; };
		1CBDA2B2243880B80025229F /* 4_2_6.tif */ = {isa = PBXFileReference; lastKnownFileType = image.tiff; path = 4_2_6.tif; sourceTree = "<group>"; };
		1CBDA2B3243880B80025229F /* 4_10_9.tif */ = {isa = PBXFileReference; lastKnownFileType = image.tiff; path = 4_10_9.tif; sourceTree = "<group>"; };
		1CBDA2B4243880B80025229F /* 4_0_4.tif */ = {isa = PBXFileReference; lastKnownFileType = image.tiff; path = 4_0_4.tif; sourceTree = "<group>"; };
		1CBDA2B5243880B80025229F /* 4_0_5.tif */ = {isa = PBXFileReference; lastKnownFileType = image.tiff; path = 4_0_5.tif; sourceTree = "<group>"; };
		1CBDA2B6243880B80025229F /* 4_10_8.tif */ = {isa = PBXFileReference; lastKnownFileType = image.tiff; path = 4_10_8.tif; sourceTree = "<group>"; };
		1CBDA2B7243880B80025229F /* 4_2_7.tif */ = {isa = PBXFileReference; lastKnownFileType = image.tiff; path = 4_2_7.tif; sourceTree = "<group>"; };
		1CBDA2B8243880B80025229F /* 4_4_1.tif */ = {isa = PBXFileReference; lastKnownFileType = image.tiff; path = 4_4_1.tif; sourceTree = "<group>"; };
		1CBDA2B9243880B80025229F /* 4_6_3.tif */ = {isa = PBXFileReference; lastKnownFileType = image.tiff; path = 4_6_3.tif; sourceTree = "<group>"; };
		1CBDA2BA243880B80025229F /* 4_6_1.tif */ = {isa = PBXFileReference; lastKnownFileType = image.tiff; path = 4_6_1.tif; sourceTree = "<group>"; };
		1CBDA2BB243880B80025229F /* 4_4_3.tif */ = {isa = PBXFileReference; lastKnownFileType = image.tiff; path = 4_4_3.tif; sourceTree = "<group>"; };
		1CBDA2BC243880B80025229F /* 4_2_5.tif */ = {isa = PBXFileReference; lastKnownFileType = image.tiff; path = 4_2_5.tif; sourceTree = "<group>"; };
		1CBDA2BD243880B80025229F /* 4_0_7.tif */ = {isa = PBXFileReference; lastKnownFileType = image.tiff; path = 4_0_7.tif; sourceTree = "<group>"; };
		1CBDA2BE243880B80025229F /* 4_2_11.tif */ = {isa = PBXFileReference; lastKnownFileType = image.tiff; path = 4_2_11.tif; sourceTree = "<group>"; };
		1CBDA2BF243880B80025229F /* 4_2_10.tif */ = {isa = PBXFileReference; lastKnownFileType = image.tiff; path = 4_2_10.tif; sourceTree = "<group>"; };
		1CBDA2C0243880B80025229F /* 4_0_6.tif */ = {isa = PBXFileReference; lastKnownFileType = image.tiff; path = 4_0_6.tif; sourceTree = "<group>"; };
		1CBDA2C1243880B80025229F /* 4_2_4.tif */ = {isa = PBXFileReference; lastKnownFileType = image.tiff; path = 4_2_4.tif; sourceTree = "<group>"; };
		1CBDA2C2243880B80025229F /* 4_4_2.tif */ = {isa = PBXFileReference; lastKnownFileType = image.tiff; path = 4_4_2.tif; sourceTree = "<group>"; };
		1CBDA2C3243880B80025229F /* 4_6_0.tif */ = {isa = PBXFileReference; lastKnownFileType = image.tiff; path = 4_6_0.tif; sourceTree = "<group>"; };
		1CBDA2C4243880B80025229F /* 4_8_2.tif */ = {isa = PBXFileReference; lastKnownFileType = image.tiff; path = 4_8_2.tif; sourceTree = "<group>"; };
		1CBDA2C5243880B80025229F /* 4_7_11.tif */ = {isa = PBXFileReference; lastKnownFileType = image.tiff; path = 4_7_11.tif; sourceTree = "<group>"; };
		1CBDA2C6243880B80025229F /* 4_2_9.tif */ = {isa = PBXFileReference; lastKnownFileType = image.tiff; path = 4_2_9.tif; sourceTree = "<group>"; };
		1CBDA2C7243880B80025229F /* 4_10_6.tif */ = {isa = PBXFileReference; lastKnownFileType = image.tiff; path = 4_10_6.tif; sourceTree = "<group>"; };
		1CBDA2C8243880B80025229F /* 4_10_7.tif */ = {isa = PBXFileReference; lastKnownFileType = image.tiff; path = 4_10_7.tif; sourceTree = "<group>"; };
		1CBDA2C9243880B80025229F /* 4_2_8.tif */ = {isa = PBXFileReference; lastKnownFileType = image.tiff; path = 4_2_8.tif; sourceTree = "<group>"; };
		1CBDA2CA243880B80025229F /* 4_7_10.tif */ = {isa = PBXFileReference; lastKnownFileType = image.tiff; path = 4_7_10.tif; sourceTree = "<group>"; };
		1CBDA2CB243880B80025229F /* 4_8_3.tif */ = {isa = PBXFileReference; lastKnownFileType = image.tiff; path = 4_8_3.tif; sourceTree = "<group>"; };
		1CBDA2CC243880B80025229F /* 4_8_1.tif */ = {isa = PBXFileReference; lastKnownFileType = image.tiff; path = 4_8_1.tif; sourceTree = "<group>"; };
		1CBDA2CD243880B80025229F /* 4_10_5.tif */ = {isa = PBXFileReference; lastKnownFileType = image.tiff; path = 4_10_5.tif; sourceTree = "<group>"; };
		1CBDA2CE243880B80025229F /* 4_0_8.tif */ = {isa = PBXFileReference; lastKnownFileType = image.tiff; path = 4_0_8.tif; sourceTree = "<group>"; };
		1CBDA2CF243880B80025229F /* 4_0_9.tif */ = {isa = PBXFileReference; lastKnownFileType = image.tiff; path = 4_0_9.tif; sourceTree = "<group>"; };
		1CBDA2D0243880B80025229F /* 4_10_4.tif */ = {isa = PBXFileReference; lastKnownFileType = image.tiff; path = 4_10_4.tif; sourceTree = "<group>"; };
		1CBDA2D1243880B80025229F /* 4_8_0.tif */ = {isa = PBXFileReference; lastKnownFileType = image.tiff; path = 4_8_0.tif; sourceTree = "<group>"; };
		1CBDA2D2243880B80025229F /* 4_8_4.tif */ = {isa = PBXFileReference; lastKnownFileType = image.tiff; path = 4_8_4.tif; sourceTree = "<group>"; };
		1CBDA2D3243880B80025229F /* 4_4_9.tif */ = {isa = PBXFileReference; lastKnownFileType = image.tiff; path = 4_4_9.tif; sourceTree = "<group>"; };
		1CBDA2D4243880B80025229F /* 4_10_0.tif */ = {isa = PBXFileReference; lastKnownFileType = image.tiff; path = 4_10_0.tif; sourceTree = "<group>"; };
		1CBDA2D5243880B80025229F /* 4_10_1.tif */ = {isa = PBXFileReference; lastKnownFileType = image.tiff; path = 4_10_1.tif; sourceTree = "<group>"; };
		1CBDA2D6243880B80025229F /* 4_4_8.tif */ = {isa = PBXFileReference; lastKnownFileType = image.tiff; path = 4_4_8.tif; sourceTree = "<group>"; };
		1CBDA2D7243880B80025229F /* 4_8_5.tif */ = {isa = PBXFileReference; lastKnownFileType = image.tiff; path = 4_8_5.tif; sourceTree = "<group>"; };
		1CBDA2D8243880B80025229F /* 4_8_7.tif */ = {isa = PBXFileReference; lastKnownFileType = image.tiff; path = 4_8_7.tif; sourceTree = "<group>"; };
		1CBDA2D9243880B80025229F /* 4_6_8.tif */ = {isa = PBXFileReference; lastKnownFileType = image.tiff; path = 4_6_8.tif; sourceTree = "<group>"; };
		1CBDA2DA243880B80025229F /* 4_9_11.tif */ = {isa = PBXFileReference; lastKnownFileType = image.tiff; path = 4_9_11.tif; sourceTree = "<group>"; };
		1CBDA2DB243880B80025229F /* 4_5_11.tif */ = {isa = PBXFileReference; lastKnownFileType = image.tiff; path = 4_5_11.tif; sourceTree = "<group>"; };
		1CBDA2DC243880B80025229F /* 4_10_3.tif */ = {isa = PBXFileReference; lastKnownFileType = image.tiff; path = 4_10_3.tif; sourceTree = "<group>"; };
		1CBDA2DD243880B80025229F /* 4_10_2.tif */ = {isa = PBXFileReference; lastKnownFileType = image.tiff; path = 4_10_2.tif; sourceTree = "<group>"; };
		1CBDA2DE243880B80025229F /* 4_5_10.tif */ = {isa = PBXFileReference; lastKnownFileType = image.tiff; path = 4_5_10.tif; sourceTree = "<group>"; };
		1CBDA2DF243880B80025229F /* 4_9_10.tif */ = {isa = PBXFileReference; lastKnownFileType = image.tiff; path = 4_9_10.tif; sourceTree = "<group>"; };
		1CBDA2E0243880B80025229F /* 4_6_9.tif */ = {isa = PBXFileReference; lastKnownFileType = image.tiff; path = 4_6_9.tif; sourceTree = "<group>"; };
		1CBDA2E1243880B80025229F /* 4_8_6.tif */ = {isa = PBXFileReference; lastKnownFileType = image.tiff; path = 4_8_6.tif; sourceTree = "<group>"; };
		1CBDA2E2243880B80025229F /* 4_1_8.tif */ = {isa = PBXFileReference; lastKnownFileType = image.tiff; path = 4_1_8.tif; sourceTree = "<group>"; };
		1CBDA2E3243880B80025229F /* 4_9_1.tif */ = {isa = PBXFileReference; lastKnownFileType = image.tiff; path = 4_9_1.tif; sourceTree = "<group>"; };
		1CBDA2E4243880B80025229F /* 4_9_0.tif */ = {isa = PBXFileReference; lastKnownFileType = image.tiff; path = 4_9_0.tif; sourceTree = "<group>"; };
		1CBDA2E5243880B80025229F /* 4_1_9.tif */ = {isa = PBXFileReference; lastKnownFileType = image.tiff; path = 4_1_9.tif; sourceTree = "<group>"; };
		1CBDA2E6243880B80025229F /* 4_3_9.tif */ = {isa = PBXFileReference; lastKnownFileType = image.tiff; path = 4_3_9.tif; sourceTree = "<group>"; };
		1CBDA2E7243880B80025229F /* 4_1_10.tif */ = {isa = PBXFileReference; lastKnownFileType = image.tiff; path = 4_1_10.tif; sourceTree = "<group>"; };
		1CBDA2E8243880B80025229F /* 4_9_2.tif */ = {isa = PBXFileReference; lastKnownFileType = image.tiff; path = 4_9_2.tif; sourceTree = "<group>"; };
		1CBDA2E9243880B80025229F /* 4_9_3.tif */ = {isa = PBXFileReference; lastKnownFileType = image.tiff; path = 4_9_3.tif; sourceTree = "<group>"; };
		1CBDA2EA243880B80025229F /* 4_1_11.tif */ = {isa = PBXFileReference; lastKnownFileType = image.tiff; path = 4_1_11.tif; sourceTree = "<group>"; };
		1CBDA2EB243880B80025229F /* 4_3_8.tif */ = {isa = PBXFileReference; lastKnownFileType = image.tiff; path = 4_3_8.tif; sourceTree = "<group>"; };
		1CBDA2EC243880B80025229F /* 4_3_10.tif */ = {isa = PBXFileReference; lastKnownFileType = image.tiff; path = 4_3_10.tif; sourceTree = "<group>"; };
		1CBDA2ED243880B80025229F /* 4_9_7.tif */ = {isa = PBXFileReference; lastKnownFileType = image.tiff; path = 4_9_7.tif; sourceTree = "<group>"; };
		1CBDA2EE243880B80025229F /* 4_7_8.tif */ = {isa = PBXFileReference; lastKnownFileType = image.tiff; path = 4_7_8.tif; sourceTree = "<group>"; };
		1CBDA2EF243880B80025229F /* 4_7_9.tif */ = {isa = PBXFileReference; lastKnownFileType = image.tiff; path = 4_7_9.tif; sourceTree = "<group>"; };
		1CBDA2F0243880B80025229F /* 4_9_6.tif */ = {isa = PBXFileReference; lastKnownFileType = image.tiff; path = 4_9_6.tif; sourceTree = "<group>"; };
		1CBDA2F1243880B80025229F /* 4_3_11.tif */ = {isa = PBXFileReference; lastKnownFileType = image.tiff; path = 4_3_11.tif; sourceTree = "<group>"; };
		1CBDA2F2243880B80025229F /* 4_10_10.tif */ = {isa = PBXFileReference; lastKnownFileType = image.tiff; path = 4_10_10.tif; sourceTree = "<group>"; };
		1CBDA2F3243880B80025229F /* 4_5_9.tif */ = {isa = PBXFileReference; lastKnownFileType = image.tiff; path = 4_5_9.tif; sourceTree = "<group>"; };
		1CBDA2F4243880B80025229F /* 4_9_4.tif */ = {isa = PBXFileReference; lastKnownFileType = image.tiff; path = 4_9_4.tif; sourceTree = "<group>"; };
		1CBDA2F5243880B80025229F /* 4_9_5.tif */ = {isa = PBXFileReference; lastKnownFileType = image.tiff; path = 4_9_5.tif; sourceTree = "<group>"; };
		1CBDA2F6243880B80025229F /* 4_5_8.tif */ = {isa = PBXFileReference; lastKnownFileType = image.tiff; path = 4_5_8.tif; sourceTree = "<group>"; };
		1CBDA2F7243880B80025229F /* 4_10_11.tif */ = {isa = PBXFileReference; lastKnownFileType = image.tiff; path = 4_10_11.tif; sourceTree = "<group>"; };
		5C5327942435E03B00A85C4C /* XMultipleSwitchView.swift */ = {isa = PBXFileReference; lastKnownFileType = sourcecode.swift; path = XMultipleSwitchView.swift; sourceTree = "<group>"; };
		5C5327962435E4BE00A85C4C /* XMultipleSwitchViewAttributes.swift */ = {isa = PBXFileReference; lastKnownFileType = sourcecode.swift; path = XMultipleSwitchViewAttributes.swift; sourceTree = "<group>"; };
		C43522A324384AFD00104EA7 /* 5_1_4.tif */ = {isa = PBXFileReference; lastKnownFileType = image.tiff; path = 5_1_4.tif; sourceTree = "<group>"; };
		C43522A424384AFD00104EA7 /* 5_5_0.tif */ = {isa = PBXFileReference; lastKnownFileType = image.tiff; path = 5_5_0.tif; sourceTree = "<group>"; };
		C43522A524384AFD00104EA7 /* 5_5_1.tif */ = {isa = PBXFileReference; lastKnownFileType = image.tiff; path = 5_5_1.tif; sourceTree = "<group>"; };
		C43522A624384AFD00104EA7 /* 5_1_5.tif */ = {isa = PBXFileReference; lastKnownFileType = image.tiff; path = 5_1_5.tif; sourceTree = "<group>"; };
		C43522A724384AFD00104EA7 /* 5_3_5.tif */ = {isa = PBXFileReference; lastKnownFileType = image.tiff; path = 5_3_5.tif; sourceTree = "<group>"; };
		C43522A824384AFD00104EA7 /* 5_5_3.tif */ = {isa = PBXFileReference; lastKnownFileType = image.tiff; path = 5_5_3.tif; sourceTree = "<group>"; };
		C43522A924384AFD00104EA7 /* 5_5_2.tif */ = {isa = PBXFileReference; lastKnownFileType = image.tiff; path = 5_5_2.tif; sourceTree = "<group>"; };
		C43522AA24384AFD00104EA7 /* 5_3_4.tif */ = {isa = PBXFileReference; lastKnownFileType = image.tiff; path = 5_3_4.tif; sourceTree = "<group>"; };
		C43522AB24384AFD00104EA7 /* 5_3_0.tif */ = {isa = PBXFileReference; lastKnownFileType = image.tiff; path = 5_3_0.tif; sourceTree = "<group>"; };
		C43522AC24384AFD00104EA7 /* 5_1_2.tif */ = {isa = PBXFileReference; lastKnownFileType = image.tiff; path = 5_1_2.tif; sourceTree = "<group>"; };
		C43522AD24384AFD00104EA7 /* 5_1_3.tif */ = {isa = PBXFileReference; lastKnownFileType = image.tiff; path = 5_1_3.tif; sourceTree = "<group>"; };
		C43522AE24384AFD00104EA7 /* 5_3_1.tif */ = {isa = PBXFileReference; lastKnownFileType = image.tiff; path = 5_3_1.tif; sourceTree = "<group>"; };
		C43522AF24384AFD00104EA7 /* 5_3_3.tif */ = {isa = PBXFileReference; lastKnownFileType = image.tiff; path = 5_3_3.tif; sourceTree = "<group>"; };
		C43522B024384AFD00104EA7 /* 5_1_1.tif */ = {isa = PBXFileReference; lastKnownFileType = image.tiff; path = 5_1_1.tif; sourceTree = "<group>"; };
		C43522B124384AFD00104EA7 /* 5_5_5.tif */ = {isa = PBXFileReference; lastKnownFileType = image.tiff; path = 5_5_5.tif; sourceTree = "<group>"; };
		C43522B224384AFD00104EA7 /* 5_5_4.tif */ = {isa = PBXFileReference; lastKnownFileType = image.tiff; path = 5_5_4.tif; sourceTree = "<group>"; };
		C43522B324384AFD00104EA7 /* 5_1_0.tif */ = {isa = PBXFileReference; lastKnownFileType = image.tiff; path = 5_1_0.tif; sourceTree = "<group>"; };
		C43522B424384AFD00104EA7 /* 5_3_2.tif */ = {isa = PBXFileReference; lastKnownFileType = image.tiff; path = 5_3_2.tif; sourceTree = "<group>"; };
		C43522B524384AFD00104EA7 /* 5_4_3.tif */ = {isa = PBXFileReference; lastKnownFileType = image.tiff; path = 5_4_3.tif; sourceTree = "<group>"; };
		C43522B624384AFD00104EA7 /* 5_2_5.tif */ = {isa = PBXFileReference; lastKnownFileType = image.tiff; path = 5_2_5.tif; sourceTree = "<group>"; };
		C43522B724384AFD00104EA7 /* 5_2_4.tif */ = {isa = PBXFileReference; lastKnownFileType = image.tiff; path = 5_2_4.tif; sourceTree = "<group>"; };
		C43522B824384AFD00104EA7 /* 5_4_2.tif */ = {isa = PBXFileReference; lastKnownFileType = image.tiff; path = 5_4_2.tif; sourceTree = "<group>"; };
		C43522B924384AFD00104EA7 /* 5_4_0.tif */ = {isa = PBXFileReference; lastKnownFileType = image.tiff; path = 5_4_0.tif; sourceTree = "<group>"; };
		C43522BA24384AFD00104EA7 /* 5_0_4.tif */ = {isa = PBXFileReference; lastKnownFileType = image.tiff; path = 5_0_4.tif; sourceTree = "<group>"; };
		C43522BB24384AFD00104EA7 /* 5_0_5.tif */ = {isa = PBXFileReference; lastKnownFileType = image.tiff; path = 5_0_5.tif; sourceTree = "<group>"; };
		C43522BC24384AFD00104EA7 /* 5_4_1.tif */ = {isa = PBXFileReference; lastKnownFileType = image.tiff; path = 5_4_1.tif; sourceTree = "<group>"; };
		C43522BD24384AFD00104EA7 /* 5_4_5.tif */ = {isa = PBXFileReference; lastKnownFileType = image.tiff; path = 5_4_5.tif; sourceTree = "<group>"; };
		C43522BE24384AFD00104EA7 /* 5_0_1.tif */ = {isa = PBXFileReference; lastKnownFileType = image.tiff; path = 5_0_1.tif; sourceTree = "<group>"; };
		C43522BF24384AFD00104EA7 /* 5_2_3.tif */ = {isa = PBXFileReference; lastKnownFileType = image.tiff; path = 5_2_3.tif; sourceTree = "<group>"; };
		C43522C024384AFD00104EA7 /* 5_2_2.tif */ = {isa = PBXFileReference; lastKnownFileType = image.tiff; path = 5_2_2.tif; sourceTree = "<group>"; };
		C43522C124384AFD00104EA7 /* 5_0_0.tif */ = {isa = PBXFileReference; lastKnownFileType = image.tiff; path = 5_0_0.tif; sourceTree = "<group>"; };
		C43522C224384AFD00104EA7 /* 5_4_4.tif */ = {isa = PBXFileReference; lastKnownFileType = image.tiff; path = 5_4_4.tif; sourceTree = "<group>"; };
		C43522C324384AFD00104EA7 /* 5_0_2.tif */ = {isa = PBXFileReference; lastKnownFileType = image.tiff; path = 5_0_2.tif; sourceTree = "<group>"; };
		C43522C424384AFD00104EA7 /* 5_2_0.tif */ = {isa = PBXFileReference; lastKnownFileType = image.tiff; path = 5_2_0.tif; sourceTree = "<group>"; };
		C43522C524384AFD00104EA7 /* 5_2_1.tif */ = {isa = PBXFileReference; lastKnownFileType = image.tiff; path = 5_2_1.tif; sourceTree = "<group>"; };
		C43522C624384AFD00104EA7 /* 5_0_3.tif */ = {isa = PBXFileReference; lastKnownFileType = image.tiff; path = 5_0_3.tif; sourceTree = "<group>"; };
		C443BCEB2413D77300C1A693 /* ImageCache.swift */ = {isa = PBXFileReference; fileEncoding = 4; lastKnownFileType = sourcecode.swift; path = ImageCache.swift; sourceTree = "<group>"; };
		C443BCEC2413D77300C1A693 /* ThreadHelper.swift */ = {isa = PBXFileReference; fileEncoding = 4; lastKnownFileType = sourcecode.swift; path = ThreadHelper.swift; sourceTree = "<group>"; };
		C443BCED2413D77300C1A693 /* Kingfisher.swift */ = {isa = PBXFileReference; fileEncoding = 4; lastKnownFileType = sourcecode.swift; path = Kingfisher.swift; sourceTree = "<group>"; };
		C443BCEE2413D77300C1A693 /* RequestModifier.swift */ = {isa = PBXFileReference; fileEncoding = 4; lastKnownFileType = sourcecode.swift; path = RequestModifier.swift; sourceTree = "<group>"; };
		C443BCEF2413D77300C1A693 /* ImageView+Kingfisher.swift */ = {isa = PBXFileReference; fileEncoding = 4; lastKnownFileType = sourcecode.swift; path = "ImageView+Kingfisher.swift"; sourceTree = "<group>"; };
		C443BCF02413D77300C1A693 /* Image.swift */ = {isa = PBXFileReference; fileEncoding = 4; lastKnownFileType = sourcecode.swift; path = Image.swift; sourceTree = "<group>"; };
		C443BCF12413D77300C1A693 /* Indicator.swift */ = {isa = PBXFileReference; fileEncoding = 4; lastKnownFileType = sourcecode.swift; path = Indicator.swift; sourceTree = "<group>"; };
		C443BCF22413D77300C1A693 /* CacheSerializer.swift */ = {isa = PBXFileReference; fileEncoding = 4; lastKnownFileType = sourcecode.swift; path = CacheSerializer.swift; sourceTree = "<group>"; };
		C443BCF32413D77300C1A693 /* UIButton+Kingfisher.swift */ = {isa = PBXFileReference; fileEncoding = 4; lastKnownFileType = sourcecode.swift; path = "UIButton+Kingfisher.swift"; sourceTree = "<group>"; };
		C443BCF42413D77300C1A693 /* Resource.swift */ = {isa = PBXFileReference; fileEncoding = 4; lastKnownFileType = sourcecode.swift; path = Resource.swift; sourceTree = "<group>"; };
		C443BCF52413D77300C1A693 /* ImageDownloader.swift */ = {isa = PBXFileReference; fileEncoding = 4; lastKnownFileType = sourcecode.swift; path = ImageDownloader.swift; sourceTree = "<group>"; };
		C443BCF62413D77400C1A693 /* Kingfisher.h */ = {isa = PBXFileReference; fileEncoding = 4; lastKnownFileType = sourcecode.c.h; path = Kingfisher.h; sourceTree = "<group>"; };
		C443BCF72413D77400C1A693 /* Box.swift */ = {isa = PBXFileReference; fileEncoding = 4; lastKnownFileType = sourcecode.swift; path = Box.swift; sourceTree = "<group>"; };
		C443BCF82413D77400C1A693 /* ImageModifier.swift */ = {isa = PBXFileReference; fileEncoding = 4; lastKnownFileType = sourcecode.swift; path = ImageModifier.swift; sourceTree = "<group>"; };
		C443BCF92413D77400C1A693 /* KingfisherManager.swift */ = {isa = PBXFileReference; fileEncoding = 4; lastKnownFileType = sourcecode.swift; path = KingfisherManager.swift; sourceTree = "<group>"; };
		C443BCFA2413D77400C1A693 /* FormatIndicatedCacheSerializer.swift */ = {isa = PBXFileReference; fileEncoding = 4; lastKnownFileType = sourcecode.swift; path = FormatIndicatedCacheSerializer.swift; sourceTree = "<group>"; };
		C443BCFB2413D77400C1A693 /* ImageTransition.swift */ = {isa = PBXFileReference; fileEncoding = 4; lastKnownFileType = sourcecode.swift; path = ImageTransition.swift; sourceTree = "<group>"; };
		C443BCFC2413D77400C1A693 /* AnimatedImageView.swift */ = {isa = PBXFileReference; fileEncoding = 4; lastKnownFileType = sourcecode.swift; path = AnimatedImageView.swift; sourceTree = "<group>"; };
		C443BCFD2413D77400C1A693 /* String+MD5.swift */ = {isa = PBXFileReference; fileEncoding = 4; lastKnownFileType = sourcecode.swift; path = "String+MD5.swift"; sourceTree = "<group>"; };
		C443BCFE2413D77400C1A693 /* ImageProcessor.swift */ = {isa = PBXFileReference; fileEncoding = 4; lastKnownFileType = sourcecode.swift; path = ImageProcessor.swift; sourceTree = "<group>"; };
		C443BCFF2413D77400C1A693 /* Filter.swift */ = {isa = PBXFileReference; fileEncoding = 4; lastKnownFileType = sourcecode.swift; path = Filter.swift; sourceTree = "<group>"; };
		C443BD002413D77400C1A693 /* Placeholder.swift */ = {isa = PBXFileReference; fileEncoding = 4; lastKnownFileType = sourcecode.swift; path = Placeholder.swift; sourceTree = "<group>"; };
		C443BD012413D77400C1A693 /* KingfisherOptionsInfo.swift */ = {isa = PBXFileReference; fileEncoding = 4; lastKnownFileType = sourcecode.swift; path = KingfisherOptionsInfo.swift; sourceTree = "<group>"; };
		C443BD022413D77400C1A693 /* ImagePrefetcher.swift */ = {isa = PBXFileReference; fileEncoding = 4; lastKnownFileType = sourcecode.swift; path = ImagePrefetcher.swift; sourceTree = "<group>"; };
		C45AB6C1242EE00D00254B90 /* XCoordinateMagage.swift */ = {isa = PBXFileReference; fileEncoding = 4; lastKnownFileType = sourcecode.swift; path = XCoordinateMagage.swift; sourceTree = "<group>"; };
		C45AB6C2242EE00D00254B90 /* XImageView.swift */ = {isa = PBXFileReference; fileEncoding = 4; lastKnownFileType = sourcecode.swift; path = XImageView.swift; sourceTree = "<group>"; };
		C4F0FA662421C73900554680 /* Buffer.swift */ = {isa = PBXFileReference; lastKnownFileType = sourcecode.swift; path = Buffer.swift; sourceTree = "<group>"; };
		C4F0FA682421C76500554680 /* Viewport.swift */ = {isa = PBXFileReference; lastKnownFileType = sourcecode.swift; path = Viewport.swift; sourceTree = "<group>"; };
		C4F0FA6A2421C80E00554680 /* Loading.swift */ = {isa = PBXFileReference; lastKnownFileType = sourcecode.swift; path = Loading.swift; sourceTree = "<group>"; };
/* End PBXFileReference section */

/* Begin PBXFrameworksBuildPhase section */
		17205F0320172C1F00E9379A /* Frameworks */ = {
			isa = PBXFrameworksBuildPhase;
			buildActionMask = 2147483647;
			files = (
			);
			runOnlyForDeploymentPostprocessing = 0;
		};
/* End PBXFrameworksBuildPhase section */

/* Begin PBXGroup section */
		17205EFD20172C1F00E9379A = {
			isa = PBXGroup;
			children = (
				17205F0820172C1F00E9379A /* TYTiedRender */,
				17205F0720172C1F00E9379A /* Products */,
				C443BCEA2413D77300C1A693 /* Sources */,
			);
			sourceTree = "<group>";
		};
		17205F0720172C1F00E9379A /* Products */ = {
			isa = PBXGroup;
			children = (
				17205F0620172C1F00E9379A /* TYTiedRender.app */,
			);
			name = Products;
			sourceTree = "<group>";
		};
		17205F0820172C1F00E9379A /* TYTiedRender */ = {
			isa = PBXGroup;
			children = (
				C4F0FA502421C6ED00554680 /* tiles */,
				17205F0920172C1F00E9379A /* AppDelegate.swift */,
				17205F0B20172C1F00E9379A /* ViewController.swift */,
				17205F1B20172C4000E9379A /* TYTiledRender */,
				17205F0D20172C1F00E9379A /* Main.storyboard */,
				17205F1020172C1F00E9379A /* Assets.xcassets */,
				17205F1220172C1F00E9379A /* LaunchScreen.storyboard */,
				17205F1520172C1F00E9379A /* Info.plist */,
			);
			path = TYTiedRender;
			sourceTree = "<group>";
		};
		17205F1B20172C4000E9379A /* TYTiledRender */ = {
			isa = PBXGroup;
			children = (
				C45AB6C1242EE00D00254B90 /* XCoordinateMagage.swift */,
				C45AB6C2242EE00D00254B90 /* XImageView.swift */,
				1C7A3C5B242F3F660036FA0C /* DynamicLoadImage */,
				C4F0FA662421C73900554680 /* Buffer.swift */,
				C4F0FA682421C76500554680 /* Viewport.swift */,
				C4F0FA6A2421C80E00554680 /* Loading.swift */,
			);
			path = TYTiledRender;
			sourceTree = "<group>";
		};
		1C7A3C5B242F3F660036FA0C /* DynamicLoadImage */ = {
			isa = PBXGroup;
			children = (
				1C7A33B3242F2A3A0036FA0C /* XDynamicLoadImage.swift */,
				1C7A3458242F3CFB0036FA0C /* XTiledLayerDelegate.swift */,
				5C5327982435E4C600A85C4C /* MultipleSwitchView */,
			);
			path = DynamicLoadImage;
			sourceTree = "<group>";
		};
		1CBDA272243880B80025229F /* 4 */ = {
			isa = PBXGroup;
			children = (
				1CBDA273243880B80025229F /* 256_256 */,
			);
			path = 4;
			sourceTree = "<group>";
		};
		1CBDA273243880B80025229F /* 256_256 */ = {
			isa = PBXGroup;
			children = (
				1CBDA274243880B80025229F /* 4_1_1.tif */,
				1CBDA275243880B80025229F /* 4_3_3.tif */,
				1CBDA276243880B80025229F /* 4_5_5.tif */,
				1CBDA277243880B80025229F /* 4_9_8.tif */,
				1CBDA278243880B80025229F /* 4_7_7.tif */,
				1CBDA279243880B80025229F /* 4_7_6.tif */,
				1CBDA27A243880B80025229F /* 4_9_9.tif */,
				1CBDA27B243880B80025229F /* 4_5_4.tif */,
				1CBDA27C243880B80025229F /* 4_3_2.tif */,
				1CBDA27D243880B80025229F /* 4_1_0.tif */,
				1CBDA27E243880B80025229F /* 4_1_2.tif */,
				1CBDA27F243880B80025229F /* 4_3_0.tif */,
				1CBDA280243880B80025229F /* 4_6_10.tif */,
				1CBDA281243880B80025229F /* 4_5_6.tif */,
				1CBDA282243880B80025229F /* 4_7_4.tif */,
				1CBDA283243880B80025229F /* 4_7_5.tif */,
				1CBDA284243880B80025229F /* 4_5_7.tif */,
				1CBDA285243880B80025229F /* 4_6_11.tif */,
				1CBDA286243880B80025229F /* 4_3_1.tif */,
				1CBDA287243880B80025229F /* 4_1_3.tif */,
				1CBDA288243880B80025229F /* 4_1_7.tif */,
				1CBDA289243880B80025229F /* 4_3_5.tif */,
				1CBDA28A243880B80025229F /* 4_4_10.tif */,
				1CBDA28B243880B80025229F /* 4_8_10.tif */,
				1CBDA28C243880B80025229F /* 4_5_3.tif */,
				1CBDA28D243880B80025229F /* 4_7_1.tif */,
				1CBDA28E243880B80025229F /* 4_7_0.tif */,
				1CBDA28F243880B80025229F /* 4_5_2.tif */,
				1CBDA290243880B80025229F /* 4_8_11.tif */,
				1CBDA291243880B80025229F /* 4_3_4.tif */,
				1CBDA292243880B80025229F /* 4_4_11.tif */,
				1CBDA293243880B80025229F /* 4_1_6.tif */,
				1CBDA294243880B80025229F /* 4_1_4.tif */,
				1CBDA295243880B80025229F /* 4_3_6.tif */,
				1CBDA296243880B80025229F /* 4_5_0.tif */,
				1CBDA297243880B80025229F /* 4_7_2.tif */,
				1CBDA298243880B80025229F /* 4_7_3.tif */,
				1CBDA299243880B80025229F /* 4_5_1.tif */,
				1CBDA29A243880B80025229F /* 4_3_7.tif */,
				1CBDA29B243880B80025229F /* 4_1_5.tif */,
				1CBDA29C243880B80025229F /* 4_0_11.tif */,
				1CBDA29D243880B80025229F /* 4_6_4.tif */,
				1CBDA29E243880B80025229F /* 4_4_6.tif */,
				1CBDA29F243880B80025229F /* 4_2_0.tif */,
				1CBDA2A0243880B80025229F /* 4_0_2.tif */,
				1CBDA2A1243880B80025229F /* 4_0_3.tif */,
				1CBDA2A2243880B80025229F /* 4_2_1.tif */,
				1CBDA2A3243880B80025229F /* 4_4_7.tif */,
				1CBDA2A4243880B80025229F /* 4_6_5.tif */,
				1CBDA2A5243880B80025229F /* 4_0_10.tif */,
				1CBDA2A6243880B80025229F /* 4_8_8.tif */,
				1CBDA2A7243880B80025229F /* 4_6_7.tif */,
				1CBDA2A8243880B80025229F /* 4_4_5.tif */,
				1CBDA2A9243880B80025229F /* 4_2_3.tif */,
				1CBDA2AA243880B80025229F /* 4_0_1.tif */,
				1CBDA2AB243880B80025229F /* 4_0_0.tif */,
				1CBDA2AC243880B80025229F /* 4_2_2.tif */,
				1CBDA2AD243880B80025229F /* 4_4_4.tif */,
				1CBDA2AE243880B80025229F /* 4_6_6.tif */,
				1CBDA2AF243880B80025229F /* 4_8_9.tif */,
				1CBDA2B0243880B80025229F /* 4_6_2.tif */,
				1CBDA2B1243880B80025229F /* 4_4_0.tif */,
				1CBDA2B2243880B80025229F /* 4_2_6.tif */,
				1CBDA2B3243880B80025229F /* 4_10_9.tif */,
				1CBDA2B4243880B80025229F /* 4_0_4.tif */,
				1CBDA2B5243880B80025229F /* 4_0_5.tif */,
				1CBDA2B6243880B80025229F /* 4_10_8.tif */,
				1CBDA2B7243880B80025229F /* 4_2_7.tif */,
				1CBDA2B8243880B80025229F /* 4_4_1.tif */,
				1CBDA2B9243880B80025229F /* 4_6_3.tif */,
				1CBDA2BA243880B80025229F /* 4_6_1.tif */,
				1CBDA2BB243880B80025229F /* 4_4_3.tif */,
				1CBDA2BC243880B80025229F /* 4_2_5.tif */,
				1CBDA2BD243880B80025229F /* 4_0_7.tif */,
				1CBDA2BE243880B80025229F /* 4_2_11.tif */,
				1CBDA2BF243880B80025229F /* 4_2_10.tif */,
				1CBDA2C0243880B80025229F /* 4_0_6.tif */,
				1CBDA2C1243880B80025229F /* 4_2_4.tif */,
				1CBDA2C2243880B80025229F /* 4_4_2.tif */,
				1CBDA2C3243880B80025229F /* 4_6_0.tif */,
				1CBDA2C4243880B80025229F /* 4_8_2.tif */,
				1CBDA2C5243880B80025229F /* 4_7_11.tif */,
				1CBDA2C6243880B80025229F /* 4_2_9.tif */,
				1CBDA2C7243880B80025229F /* 4_10_6.tif */,
				1CBDA2C8243880B80025229F /* 4_10_7.tif */,
				1CBDA2C9243880B80025229F /* 4_2_8.tif */,
				1CBDA2CA243880B80025229F /* 4_7_10.tif */,
				1CBDA2CB243880B80025229F /* 4_8_3.tif */,
				1CBDA2CC243880B80025229F /* 4_8_1.tif */,
				1CBDA2CD243880B80025229F /* 4_10_5.tif */,
				1CBDA2CE243880B80025229F /* 4_0_8.tif */,
				1CBDA2CF243880B80025229F /* 4_0_9.tif */,
				1CBDA2D0243880B80025229F /* 4_10_4.tif */,
				1CBDA2D1243880B80025229F /* 4_8_0.tif */,
				1CBDA2D2243880B80025229F /* 4_8_4.tif */,
				1CBDA2D3243880B80025229F /* 4_4_9.tif */,
				1CBDA2D4243880B80025229F /* 4_10_0.tif */,
				1CBDA2D5243880B80025229F /* 4_10_1.tif */,
				1CBDA2D6243880B80025229F /* 4_4_8.tif */,
				1CBDA2D7243880B80025229F /* 4_8_5.tif */,
				1CBDA2D8243880B80025229F /* 4_8_7.tif */,
				1CBDA2D9243880B80025229F /* 4_6_8.tif */,
				1CBDA2DA243880B80025229F /* 4_9_11.tif */,
				1CBDA2DB243880B80025229F /* 4_5_11.tif */,
				1CBDA2DC243880B80025229F /* 4_10_3.tif */,
				1CBDA2DD243880B80025229F /* 4_10_2.tif */,
				1CBDA2DE243880B80025229F /* 4_5_10.tif */,
				1CBDA2DF243880B80025229F /* 4_9_10.tif */,
				1CBDA2E0243880B80025229F /* 4_6_9.tif */,
				1CBDA2E1243880B80025229F /* 4_8_6.tif */,
				1CBDA2E2243880B80025229F /* 4_1_8.tif */,
				1CBDA2E3243880B80025229F /* 4_9_1.tif */,
				1CBDA2E4243880B80025229F /* 4_9_0.tif */,
				1CBDA2E5243880B80025229F /* 4_1_9.tif */,
				1CBDA2E6243880B80025229F /* 4_3_9.tif */,
				1CBDA2E7243880B80025229F /* 4_1_10.tif */,
				1CBDA2E8243880B80025229F /* 4_9_2.tif */,
				1CBDA2E9243880B80025229F /* 4_9_3.tif */,
				1CBDA2EA243880B80025229F /* 4_1_11.tif */,
				1CBDA2EB243880B80025229F /* 4_3_8.tif */,
				1CBDA2EC243880B80025229F /* 4_3_10.tif */,
				1CBDA2ED243880B80025229F /* 4_9_7.tif */,
				1CBDA2EE243880B80025229F /* 4_7_8.tif */,
				1CBDA2EF243880B80025229F /* 4_7_9.tif */,
				1CBDA2F0243880B80025229F /* 4_9_6.tif */,
				1CBDA2F1243880B80025229F /* 4_3_11.tif */,
				1CBDA2F2243880B80025229F /* 4_10_10.tif */,
				1CBDA2F3243880B80025229F /* 4_5_9.tif */,
				1CBDA2F4243880B80025229F /* 4_9_4.tif */,
				1CBDA2F5243880B80025229F /* 4_9_5.tif */,
				1CBDA2F6243880B80025229F /* 4_5_8.tif */,
				1CBDA2F7243880B80025229F /* 4_10_11.tif */,
			);
			path = 256_256;
			sourceTree = "<group>";
		};
		5C5327982435E4C600A85C4C /* MultipleSwitchView */ = {
			isa = PBXGroup;
			children = (
				5C5327942435E03B00A85C4C /* XMultipleSwitchView.swift */,
				5C5327962435E4BE00A85C4C /* XMultipleSwitchViewAttributes.swift */,
			);
			path = MultipleSwitchView;
			sourceTree = "<group>";
		};
		C43522A224384AFD00104EA7 /* 256_256 */ = {
			isa = PBXGroup;
			children = (
				C43522A324384AFD00104EA7 /* 5_1_4.tif */,
				C43522A424384AFD00104EA7 /* 5_5_0.tif */,
				C43522A524384AFD00104EA7 /* 5_5_1.tif */,
				C43522A624384AFD00104EA7 /* 5_1_5.tif */,
				C43522A724384AFD00104EA7 /* 5_3_5.tif */,
				C43522A824384AFD00104EA7 /* 5_5_3.tif */,
				C43522A924384AFD00104EA7 /* 5_5_2.tif */,
				C43522AA24384AFD00104EA7 /* 5_3_4.tif */,
				C43522AB24384AFD00104EA7 /* 5_3_0.tif */,
				C43522AC24384AFD00104EA7 /* 5_1_2.tif */,
				C43522AD24384AFD00104EA7 /* 5_1_3.tif */,
				C43522AE24384AFD00104EA7 /* 5_3_1.tif */,
				C43522AF24384AFD00104EA7 /* 5_3_3.tif */,
				C43522B024384AFD00104EA7 /* 5_1_1.tif */,
				C43522B124384AFD00104EA7 /* 5_5_5.tif */,
				C43522B224384AFD00104EA7 /* 5_5_4.tif */,
				C43522B324384AFD00104EA7 /* 5_1_0.tif */,
				C43522B424384AFD00104EA7 /* 5_3_2.tif */,
				C43522B524384AFD00104EA7 /* 5_4_3.tif */,
				C43522B624384AFD00104EA7 /* 5_2_5.tif */,
				C43522B724384AFD00104EA7 /* 5_2_4.tif */,
				C43522B824384AFD00104EA7 /* 5_4_2.tif */,
				C43522B924384AFD00104EA7 /* 5_4_0.tif */,
				C43522BA24384AFD00104EA7 /* 5_0_4.tif */,
				C43522BB24384AFD00104EA7 /* 5_0_5.tif */,
				C43522BC24384AFD00104EA7 /* 5_4_1.tif */,
				C43522BD24384AFD00104EA7 /* 5_4_5.tif */,
				C43522BE24384AFD00104EA7 /* 5_0_1.tif */,
				C43522BF24384AFD00104EA7 /* 5_2_3.tif */,
				C43522C024384AFD00104EA7 /* 5_2_2.tif */,
				C43522C124384AFD00104EA7 /* 5_0_0.tif */,
				C43522C224384AFD00104EA7 /* 5_4_4.tif */,
				C43522C324384AFD00104EA7 /* 5_0_2.tif */,
				C43522C424384AFD00104EA7 /* 5_2_0.tif */,
				C43522C524384AFD00104EA7 /* 5_2_1.tif */,
				C43522C624384AFD00104EA7 /* 5_0_3.tif */,
			);
			name = 256_256;
			path = 3/5/256_256;
			sourceTree = SOURCE_ROOT;
		};
		C443BCEA2413D77300C1A693 /* Sources */ = {
			isa = PBXGroup;
			children = (
				C443BCEB2413D77300C1A693 /* ImageCache.swift */,
				C443BCEC2413D77300C1A693 /* ThreadHelper.swift */,
				C443BCED2413D77300C1A693 /* Kingfisher.swift */,
				C443BCEE2413D77300C1A693 /* RequestModifier.swift */,
				C443BCEF2413D77300C1A693 /* ImageView+Kingfisher.swift */,
				C443BCF02413D77300C1A693 /* Image.swift */,
				C443BCF12413D77300C1A693 /* Indicator.swift */,
				C443BCF22413D77300C1A693 /* CacheSerializer.swift */,
				C443BCF32413D77300C1A693 /* UIButton+Kingfisher.swift */,
				C443BCF42413D77300C1A693 /* Resource.swift */,
				C443BCF52413D77300C1A693 /* ImageDownloader.swift */,
				C443BCF62413D77400C1A693 /* Kingfisher.h */,
				C443BCF72413D77400C1A693 /* Box.swift */,
				C443BCF82413D77400C1A693 /* ImageModifier.swift */,
				C443BCF92413D77400C1A693 /* KingfisherManager.swift */,
				C443BCFA2413D77400C1A693 /* FormatIndicatedCacheSerializer.swift */,
				C443BCFB2413D77400C1A693 /* ImageTransition.swift */,
				C443BCFC2413D77400C1A693 /* AnimatedImageView.swift */,
				C443BCFD2413D77400C1A693 /* String+MD5.swift */,
				C443BCFE2413D77400C1A693 /* ImageProcessor.swift */,
				C443BCFF2413D77400C1A693 /* Filter.swift */,
				C443BD002413D77400C1A693 /* Placeholder.swift */,
				C443BD012413D77400C1A693 /* KingfisherOptionsInfo.swift */,
				C443BD022413D77400C1A693 /* ImagePrefetcher.swift */,
			);
			path = Sources;
			sourceTree = "<group>";
		};
		C4506BFF24378B4A00881F37 /* 5 */ = {
			isa = PBXGroup;
			children = (
				C43522A224384AFD00104EA7 /* 256_256 */,
			);
			name = 5;
			path = 3/5;
			sourceTree = "<group>";
		};
		C4F0FA502421C6ED00554680 /* tiles */ = {
			isa = PBXGroup;
			children = (
				1CBDA272243880B80025229F /* 4 */,
				C4506BFF24378B4A00881F37 /* 5 */,
			);
			path = tiles;
			sourceTree = "<group>";
		};
/* End PBXGroup section */

/* Begin PBXNativeTarget section */
		17205F0520172C1F00E9379A /* TYTiedRender */ = {
			isa = PBXNativeTarget;
			buildConfigurationList = 17205F1820172C1F00E9379A /* Build configuration list for PBXNativeTarget "TYTiedRender" */;
			buildPhases = (
				17205F0220172C1F00E9379A /* Sources */,
				17205F0320172C1F00E9379A /* Frameworks */,
				17205F0420172C1F00E9379A /* Resources */,
			);
			buildRules = (
			);
			dependencies = (
			);
			name = TYTiedRender;
			productName = TYTiedRender;
			productReference = 17205F0620172C1F00E9379A /* TYTiedRender.app */;
			productType = "com.apple.product-type.application";
		};
/* End PBXNativeTarget section */

/* Begin PBXProject section */
		17205EFE20172C1F00E9379A /* Project object */ = {
			isa = PBXProject;
			attributes = {
				LastSwiftUpdateCheck = 0910;
				LastUpgradeCheck = 1130;
				ORGANIZATIONNAME = DoMobile21;
				TargetAttributes = {
					17205F0520172C1F00E9379A = {
						CreatedOnToolsVersion = 9.1;
						ProvisioningStyle = Automatic;
					};
				};
			};
			buildConfigurationList = 17205F0120172C1F00E9379A /* Build configuration list for PBXProject "TYTiedRender" */;
			compatibilityVersion = "Xcode 8.0";
			developmentRegion = en;
			hasScannedForEncodings = 0;
			knownRegions = (
				en,
				Base,
			);
			mainGroup = 17205EFD20172C1F00E9379A;
			productRefGroup = 17205F0720172C1F00E9379A /* Products */;
			projectDirPath = "";
			projectRoot = "";
			targets = (
				17205F0520172C1F00E9379A /* TYTiedRender */,
			);
		};
/* End PBXProject section */

/* Begin PBXResourcesBuildPhase section */
		17205F0420172C1F00E9379A /* Resources */ = {
			isa = PBXResourcesBuildPhase;
			buildActionMask = 2147483647;
			files = (
				1CBDA33A243880B80025229F /* 4_10_8.tif in Resources */,
				1CBDA360243880B80025229F /* 4_10_3.tif in Resources */,
				1CBDA34C243880B80025229F /* 4_10_7.tif in Resources */,
				1CBDA2FE243880B80025229F /* 4_9_9.tif in Resources */,
				1CBDA371243880B80025229F /* 4_9_7.tif in Resources */,
				C43522CC24384AFD00104EA7 /* 5_5_3.tif in Resources */,
				1CBDA34A243880B80025229F /* 4_2_9.tif in Resources */,
				1CBDA340243880B80025229F /* 4_2_5.tif in Resources */,
				1CBDA336243880B80025229F /* 4_2_6.tif in Resources */,
				1CBDA37A243880B80025229F /* 4_5_8.tif in Resources */,
				1CBDA324243880B80025229F /* 4_0_2.tif in Resources */,
				C43522DC24384AFD00104EA7 /* 5_4_2.tif in Resources */,
				1CBDA372243880B80025229F /* 4_7_8.tif in Resources */,
				1CBDA34D243880B80025229F /* 4_2_8.tif in Resources */,
				C43522DA24384AFD00104EA7 /* 5_2_5.tif in Resources */,
				17205F1420172C1F00E9379A /* LaunchScreen.storyboard in Resources */,
				C43522D724384AFD00104EA7 /* 5_1_0.tif in Resources */,
				C43522E124384AFD00104EA7 /* 5_4_5.tif in Resources */,
				1CBDA316243880B80025229F /* 4_4_11.tif in Resources */,
				1CBDA34B243880B80025229F /* 4_10_6.tif in Resources */,
				C43522DE24384AFD00104EA7 /* 5_0_4.tif in Resources */,
				C43522E924384AFD00104EA7 /* 5_2_1.tif in Resources */,
				1CBDA335243880B80025229F /* 4_4_0.tif in Resources */,
				1CBDA367243880B80025229F /* 4_9_1.tif in Resources */,
				1CBDA32D243880B80025229F /* 4_2_3.tif in Resources */,
				C43522E624384AFD00104EA7 /* 5_4_4.tif in Resources */,
				1CBDA307243880B80025229F /* 4_7_5.tif in Resources */,
				C43522E824384AFD00104EA7 /* 5_2_0.tif in Resources */,
				1CBDA30D243880B80025229F /* 4_3_5.tif in Resources */,
				1CBDA36D243880B80025229F /* 4_9_3.tif in Resources */,
				1CBDA352243880B80025229F /* 4_0_8.tif in Resources */,
				1CBDA365243880B80025229F /* 4_8_6.tif in Resources */,
				1CBDA306243880B80025229F /* 4_7_4.tif in Resources */,
				1CBDA305243880B80025229F /* 4_5_6.tif in Resources */,
				1CBDA322243880B80025229F /* 4_4_6.tif in Resources */,
				1CBDA319243880B80025229F /* 4_3_6.tif in Resources */,
				1CBDA313243880B80025229F /* 4_5_2.tif in Resources */,
				C43522E724384AFD00104EA7 /* 5_0_2.tif in Resources */,
				C43522DF24384AFD00104EA7 /* 5_0_5.tif in Resources */,
				1CBDA35E243880B80025229F /* 4_9_11.tif in Resources */,
				C43522CF24384AFD00104EA7 /* 5_3_0.tif in Resources */,
				1CBDA328243880B80025229F /* 4_6_5.tif in Resources */,
				1CBDA378243880B80025229F /* 4_9_4.tif in Resources */,
				C43522CA24384AFD00104EA7 /* 5_1_5.tif in Resources */,
				C43522D324384AFD00104EA7 /* 5_3_3.tif in Resources */,
				1CBDA310243880B80025229F /* 4_5_3.tif in Resources */,
				1CBDA362243880B80025229F /* 4_5_10.tif in Resources */,
				1CBDA30E243880B80025229F /* 4_4_10.tif in Resources */,
				1CBDA326243880B80025229F /* 4_2_1.tif in Resources */,
				1CBDA323243880B80025229F /* 4_2_0.tif in Resources */,
				1CBDA314243880B80025229F /* 4_8_11.tif in Resources */,
				C43522C824384AFD00104EA7 /* 5_5_0.tif in Resources */,
				1CBDA339243880B80025229F /* 4_0_5.tif in Resources */,
				1CBDA300243880B80025229F /* 4_3_2.tif in Resources */,
				1CBDA375243880B80025229F /* 4_3_11.tif in Resources */,
				C43522E524384AFD00104EA7 /* 5_0_0.tif in Resources */,
				1CBDA309243880B80025229F /* 4_6_11.tif in Resources */,
				C43522C924384AFD00104EA7 /* 5_5_1.tif in Resources */,
				1CBDA301243880B80025229F /* 4_1_0.tif in Resources */,
				1CBDA364243880B80025229F /* 4_6_9.tif in Resources */,
				1CBDA302243880B80025229F /* 4_1_2.tif in Resources */,
				1CBDA36F243880B80025229F /* 4_3_8.tif in Resources */,
				1CBDA32B243880B80025229F /* 4_6_7.tif in Resources */,
				1CBDA2F9243880B80025229F /* 4_3_3.tif in Resources */,
				1CBDA315243880B80025229F /* 4_3_4.tif in Resources */,
				C43522DB24384AFD00104EA7 /* 5_2_4.tif in Resources */,
				1CBDA2FB243880B80025229F /* 4_9_8.tif in Resources */,
				1CBDA358243880B80025229F /* 4_10_0.tif in Resources */,
				1CBDA329243880B80025229F /* 4_0_10.tif in Resources */,
				1CBDA355243880B80025229F /* 4_8_0.tif in Resources */,
				C43522E024384AFD00104EA7 /* 5_4_1.tif in Resources */,
				C43522E324384AFD00104EA7 /* 5_2_3.tif in Resources */,
				17205F1120172C1F00E9379A /* Assets.xcassets in Resources */,
				1CBDA332243880B80025229F /* 4_6_6.tif in Resources */,
				1CBDA361243880B80025229F /* 4_10_2.tif in Resources */,
				1CBDA344243880B80025229F /* 4_0_6.tif in Resources */,
				1CBDA327243880B80025229F /* 4_4_7.tif in Resources */,
				C43522EA24384AFD00104EA7 /* 5_0_3.tif in Resources */,
				1CBDA349243880B80025229F /* 4_7_11.tif in Resources */,
				C43522E224384AFD00104EA7 /* 5_0_1.tif in Resources */,
				1CBDA33B243880B80025229F /* 4_2_7.tif in Resources */,
				1CBDA343243880B80025229F /* 4_2_10.tif in Resources */,
				C43522D024384AFD00104EA7 /* 5_1_2.tif in Resources */,
				C43522CE24384AFD00104EA7 /* 5_3_4.tif in Resources */,
				1CBDA338243880B80025229F /* 4_0_4.tif in Resources */,
				C43522D524384AFD00104EA7 /* 5_5_5.tif in Resources */,
				C43522D624384AFD00104EA7 /* 5_5_4.tif in Resources */,
				1CBDA36A243880B80025229F /* 4_3_9.tif in Resources */,
				1CBDA32F243880B80025229F /* 4_0_0.tif in Resources */,
				1CBDA35A243880B80025229F /* 4_4_8.tif in Resources */,
				1CBDA32E243880B80025229F /* 4_0_1.tif in Resources */,
				1CBDA341243880B80025229F /* 4_0_7.tif in Resources */,
				1CBDA2FC243880B80025229F /* 4_7_7.tif in Resources */,
				1CBDA33C243880B80025229F /* 4_4_1.tif in Resources */,
				1CBDA35B243880B80025229F /* 4_8_5.tif in Resources */,
				1CBDA2FF243880B80025229F /* 4_5_4.tif in Resources */,
				C43522D824384AFD00104EA7 /* 5_3_2.tif in Resources */,
				1CBDA32C243880B80025229F /* 4_4_5.tif in Resources */,
				1CBDA308243880B80025229F /* 4_5_7.tif in Resources */,
				C43522CB24384AFD00104EA7 /* 5_3_5.tif in Resources */,
				1CBDA331243880B80025229F /* 4_4_4.tif in Resources */,
				1CBDA368243880B80025229F /* 4_9_0.tif in Resources */,
				1CBDA374243880B80025229F /* 4_9_6.tif in Resources */,
				1CBDA370243880B80025229F /* 4_3_10.tif in Resources */,
				1CBDA359243880B80025229F /* 4_10_1.tif in Resources */,
				1CBDA31D243880B80025229F /* 4_5_1.tif in Resources */,
				C43522D924384AFD00104EA7 /* 5_4_3.tif in Resources */,
				1CBDA34F243880B80025229F /* 4_8_3.tif in Resources */,
				1CBDA31F243880B80025229F /* 4_1_5.tif in Resources */,
				1CBDA350243880B80025229F /* 4_8_1.tif in Resources */,
				1CBDA342243880B80025229F /* 4_2_11.tif in Resources */,
				1CBDA346243880B80025229F /* 4_4_2.tif in Resources */,
				1CBDA2FA243880B80025229F /* 4_5_5.tif in Resources */,
				1CBDA354243880B80025229F /* 4_10_4.tif in Resources */,
				1CBDA357243880B80025229F /* 4_4_9.tif in Resources */,
				1CBDA311243880B80025229F /* 4_7_1.tif in Resources */,
				1CBDA36C243880B80025229F /* 4_9_2.tif in Resources */,
				1CBDA33F243880B80025229F /* 4_4_3.tif in Resources */,
				1CBDA34E243880B80025229F /* 4_7_10.tif in Resources */,
				1CBDA325243880B80025229F /* 4_0_3.tif in Resources */,
				C43522D124384AFD00104EA7 /* 5_1_3.tif in Resources */,
				1CBDA348243880B80025229F /* 4_8_2.tif in Resources */,
				C43522E424384AFD00104EA7 /* 5_2_2.tif in Resources */,
				1CBDA379243880B80025229F /* 4_9_5.tif in Resources */,
				1CBDA31B243880B80025229F /* 4_7_2.tif in Resources */,
				C43522D224384AFD00104EA7 /* 5_3_1.tif in Resources */,
				1CBDA37B243880B80025229F /* 4_10_11.tif in Resources */,
				1CBDA2FD243880B80025229F /* 4_7_6.tif in Resources */,
				1CBDA304243880B80025229F /* 4_6_10.tif in Resources */,
				1CBDA30B243880B80025229F /* 4_1_3.tif in Resources */,
				1CBDA320243880B80025229F /* 4_0_11.tif in Resources */,
				1CBDA30F243880B80025229F /* 4_8_10.tif in Resources */,
				1CBDA369243880B80025229F /* 4_1_9.tif in Resources */,
				1CBDA35C243880B80025229F /* 4_8_7.tif in Resources */,
				1CBDA347243880B80025229F /* 4_6_0.tif in Resources */,
				1CBDA321243880B80025229F /* 4_6_4.tif in Resources */,
				1CBDA35F243880B80025229F /* 4_5_11.tif in Resources */,
				1CBDA32A243880B80025229F /* 4_8_8.tif in Resources */,
				1CBDA330243880B80025229F /* 4_2_2.tif in Resources */,
				1CBDA35D243880B80025229F /* 4_6_8.tif in Resources */,
				1CBDA363243880B80025229F /* 4_9_10.tif in Resources */,
				1CBDA373243880B80025229F /* 4_7_9.tif in Resources */,
				17205F0F20172C1F00E9379A /* Main.storyboard in Resources */,
				C43522C724384AFD00104EA7 /* 5_1_4.tif in Resources */,
				1CBDA31A243880B80025229F /* 4_5_0.tif in Resources */,
				1CBDA33E243880B80025229F /* 4_6_1.tif in Resources */,
				C43522D424384AFD00104EA7 /* 5_1_1.tif in Resources */,
				1CBDA312243880B80025229F /* 4_7_0.tif in Resources */,
				1CBDA317243880B80025229F /* 4_1_6.tif in Resources */,
				1CBDA318243880B80025229F /* 4_1_4.tif in Resources */,
				1CBDA303243880B80025229F /* 4_3_0.tif in Resources */,
				1CBDA36E243880B80025229F /* 4_1_11.tif in Resources */,
				1CBDA351243880B80025229F /* 4_10_5.tif in Resources */,
				C43522CD24384AFD00104EA7 /* 5_5_2.tif in Resources */,
				1CBDA376243880B80025229F /* 4_10_10.tif in Resources */,
				1CBDA337243880B80025229F /* 4_10_9.tif in Resources */,
				1CBDA333243880B80025229F /* 4_8_9.tif in Resources */,
				1CBDA30C243880B80025229F /* 4_1_7.tif in Resources */,
				1CBDA36B243880B80025229F /* 4_1_10.tif in Resources */,
				1CBDA2F8243880B80025229F /* 4_1_1.tif in Resources */,
				1CBDA345243880B80025229F /* 4_2_4.tif in Resources */,
				1CBDA33D243880B80025229F /* 4_6_3.tif in Resources */,
				1CBDA31E243880B80025229F /* 4_3_7.tif in Resources */,
				1CBDA334243880B80025229F /* 4_6_2.tif in Resources */,
				1CBDA353243880B80025229F /* 4_0_9.tif in Resources */,
				1CBDA30A243880B80025229F /* 4_3_1.tif in Resources */,
				1CBDA31C243880B80025229F /* 4_7_3.tif in Resources */,
				1CBDA356243880B80025229F /* 4_8_4.tif in Resources */,
				C43522DD24384AFD00104EA7 /* 5_4_0.tif in Resources */,
				1CBDA377243880B80025229F /* 4_5_9.tif in Resources */,
				1CBDA366243880B80025229F /* 4_1_8.tif in Resources */,
			);
			runOnlyForDeploymentPostprocessing = 0;
		};
/* End PBXResourcesBuildPhase section */

/* Begin PBXSourcesBuildPhase section */
		17205F0220172C1F00E9379A /* Sources */ = {
			isa = PBXSourcesBuildPhase;
			buildActionMask = 2147483647;
			files = (
				C443BD0F2413D77400C1A693 /* ImageModifier.swift in Sources */,
				C443BD092413D77400C1A693 /* Indicator.swift in Sources */,
				C443BD152413D77400C1A693 /* ImageProcessor.swift in Sources */,
				C443BD122413D77400C1A693 /* ImageTransition.swift in Sources */,
				C443BD142413D77400C1A693 /* String+MD5.swift in Sources */,
				C443BD0C2413D77400C1A693 /* Resource.swift in Sources */,
				C443BD102413D77400C1A693 /* KingfisherManager.swift in Sources */,
				C443BD062413D77400C1A693 /* RequestModifier.swift in Sources */,
				C443BD082413D77400C1A693 /* Image.swift in Sources */,
				C4F0FA672421C73900554680 /* Buffer.swift in Sources */,
				17205F0C20172C1F00E9379A /* ViewController.swift in Sources */,
				C45AB6C4242EE00D00254B90 /* XImageView.swift in Sources */,
				C443BD052413D77400C1A693 /* Kingfisher.swift in Sources */,
				C443BD0E2413D77400C1A693 /* Box.swift in Sources */,
				5C5327972435E4BE00A85C4C /* XMultipleSwitchViewAttributes.swift in Sources */,
				C443BD192413D77400C1A693 /* ImagePrefetcher.swift in Sources */,
				C443BD0A2413D77400C1A693 /* CacheSerializer.swift in Sources */,
				C443BD0D2413D77400C1A693 /* ImageDownloader.swift in Sources */,
				C443BD072413D77400C1A693 /* ImageView+Kingfisher.swift in Sources */,
				C443BD0B2413D77400C1A693 /* UIButton+Kingfisher.swift in Sources */,
				C4F0FA6B2421C80E00554680 /* Loading.swift in Sources */,
				5C5327952435E03B00A85C4C /* XMultipleSwitchView.swift in Sources */,
				17205F0A20172C1F00E9379A /* AppDelegate.swift in Sources */,
				C45AB6C3242EE00D00254B90 /* XCoordinateMagage.swift in Sources */,
				1C7A3459242F3CFB0036FA0C /* XTiledLayerDelegate.swift in Sources */,
				C443BD182413D77400C1A693 /* KingfisherOptionsInfo.swift in Sources */,
				C4F0FA692421C76500554680 /* Viewport.swift in Sources */,
				C443BD042413D77400C1A693 /* ThreadHelper.swift in Sources */,
				C443BD132413D77400C1A693 /* AnimatedImageView.swift in Sources */,
				C443BD032413D77400C1A693 /* ImageCache.swift in Sources */,
				1C7A33B4242F2A3A0036FA0C /* XDynamicLoadImage.swift in Sources */,
				C443BD162413D77400C1A693 /* Filter.swift in Sources */,
				C443BD112413D77400C1A693 /* FormatIndicatedCacheSerializer.swift in Sources */,
				C443BD172413D77400C1A693 /* Placeholder.swift in Sources */,
			);
			runOnlyForDeploymentPostprocessing = 0;
		};
/* End PBXSourcesBuildPhase section */

/* Begin PBXVariantGroup section */
		17205F0D20172C1F00E9379A /* Main.storyboard */ = {
			isa = PBXVariantGroup;
			children = (
				17205F0E20172C1F00E9379A /* Base */,
			);
			name = Main.storyboard;
			sourceTree = "<group>";
		};
		17205F1220172C1F00E9379A /* LaunchScreen.storyboard */ = {
			isa = PBXVariantGroup;
			children = (
				17205F1320172C1F00E9379A /* Base */,
			);
			name = LaunchScreen.storyboard;
			sourceTree = "<group>";
		};
/* End PBXVariantGroup section */

/* Begin XCBuildConfiguration section */
		17205F1620172C1F00E9379A /* Debug */ = {
			isa = XCBuildConfiguration;
			buildSettings = {
				ALWAYS_SEARCH_USER_PATHS = NO;
				CLANG_ANALYZER_NONNULL = YES;
				CLANG_ANALYZER_NUMBER_OBJECT_CONVERSION = YES_AGGRESSIVE;
				CLANG_CXX_LANGUAGE_STANDARD = "gnu++14";
				CLANG_CXX_LIBRARY = "libc++";
				CLANG_ENABLE_MODULES = YES;
				CLANG_ENABLE_OBJC_ARC = YES;
				CLANG_WARN_BLOCK_CAPTURE_AUTORELEASING = YES;
				CLANG_WARN_BOOL_CONVERSION = YES;
				CLANG_WARN_COMMA = YES;
				CLANG_WARN_CONSTANT_CONVERSION = YES;
				CLANG_WARN_DEPRECATED_OBJC_IMPLEMENTATIONS = YES;
				CLANG_WARN_DIRECT_OBJC_ISA_USAGE = YES_ERROR;
				CLANG_WARN_DOCUMENTATION_COMMENTS = YES;
				CLANG_WARN_EMPTY_BODY = YES;
				CLANG_WARN_ENUM_CONVERSION = YES;
				CLANG_WARN_INFINITE_RECURSION = YES;
				CLANG_WARN_INT_CONVERSION = YES;
				CLANG_WARN_NON_LITERAL_NULL_CONVERSION = YES;
				CLANG_WARN_OBJC_IMPLICIT_RETAIN_SELF = YES;
				CLANG_WARN_OBJC_LITERAL_CONVERSION = YES;
				CLANG_WARN_OBJC_ROOT_CLASS = YES_ERROR;
				CLANG_WARN_RANGE_LOOP_ANALYSIS = YES;
				CLANG_WARN_STRICT_PROTOTYPES = YES;
				CLANG_WARN_SUSPICIOUS_MOVE = YES;
				CLANG_WARN_UNGUARDED_AVAILABILITY = YES_AGGRESSIVE;
				CLANG_WARN_UNREACHABLE_CODE = YES;
				CLANG_WARN__DUPLICATE_METHOD_MATCH = YES;
				CODE_SIGN_IDENTITY = "iPhone Developer";
				COPY_PHASE_STRIP = NO;
				DEBUG_INFORMATION_FORMAT = dwarf;
				ENABLE_STRICT_OBJC_MSGSEND = YES;
				ENABLE_TESTABILITY = YES;
				GCC_C_LANGUAGE_STANDARD = gnu11;
				GCC_DYNAMIC_NO_PIC = NO;
				GCC_NO_COMMON_BLOCKS = YES;
				GCC_OPTIMIZATION_LEVEL = 0;
				GCC_PREPROCESSOR_DEFINITIONS = (
					"DEBUG=1",
					"$(inherited)",
				);
				GCC_WARN_64_TO_32_BIT_CONVERSION = YES;
				GCC_WARN_ABOUT_RETURN_TYPE = YES_ERROR;
				GCC_WARN_UNDECLARED_SELECTOR = YES;
				GCC_WARN_UNINITIALIZED_AUTOS = YES_AGGRESSIVE;
				GCC_WARN_UNUSED_FUNCTION = YES;
				GCC_WARN_UNUSED_VARIABLE = YES;
				IPHONEOS_DEPLOYMENT_TARGET = 11.1;
				MTL_ENABLE_DEBUG_INFO = YES;
				ONLY_ACTIVE_ARCH = YES;
				SDKROOT = iphoneos;
				SWIFT_ACTIVE_COMPILATION_CONDITIONS = DEBUG;
				SWIFT_OPTIMIZATION_LEVEL = "-Onone";
			};
			name = Debug;
		};
		17205F1720172C1F00E9379A /* Release */ = {
			isa = XCBuildConfiguration;
			buildSettings = {
				ALWAYS_SEARCH_USER_PATHS = NO;
				CLANG_ANALYZER_NONNULL = YES;
				CLANG_ANALYZER_NUMBER_OBJECT_CONVERSION = YES_AGGRESSIVE;
				CLANG_CXX_LANGUAGE_STANDARD = "gnu++14";
				CLANG_CXX_LIBRARY = "libc++";
				CLANG_ENABLE_MODULES = YES;
				CLANG_ENABLE_OBJC_ARC = YES;
				CLANG_WARN_BLOCK_CAPTURE_AUTORELEASING = YES;
				CLANG_WARN_BOOL_CONVERSION = YES;
				CLANG_WARN_COMMA = YES;
				CLANG_WARN_CONSTANT_CONVERSION = YES;
				CLANG_WARN_DEPRECATED_OBJC_IMPLEMENTATIONS = YES;
				CLANG_WARN_DIRECT_OBJC_ISA_USAGE = YES_ERROR;
				CLANG_WARN_DOCUMENTATION_COMMENTS = YES;
				CLANG_WARN_EMPTY_BODY = YES;
				CLANG_WARN_ENUM_CONVERSION = YES;
				CLANG_WARN_INFINITE_RECURSION = YES;
				CLANG_WARN_INT_CONVERSION = YES;
				CLANG_WARN_NON_LITERAL_NULL_CONVERSION = YES;
				CLANG_WARN_OBJC_IMPLICIT_RETAIN_SELF = YES;
				CLANG_WARN_OBJC_LITERAL_CONVERSION = YES;
				CLANG_WARN_OBJC_ROOT_CLASS = YES_ERROR;
				CLANG_WARN_RANGE_LOOP_ANALYSIS = YES;
				CLANG_WARN_STRICT_PROTOTYPES = YES;
				CLANG_WARN_SUSPICIOUS_MOVE = YES;
				CLANG_WARN_UNGUARDED_AVAILABILITY = YES_AGGRESSIVE;
				CLANG_WARN_UNREACHABLE_CODE = YES;
				CLANG_WARN__DUPLICATE_METHOD_MATCH = YES;
				CODE_SIGN_IDENTITY = "iPhone Developer";
				COPY_PHASE_STRIP = NO;
				DEBUG_INFORMATION_FORMAT = "dwarf-with-dsym";
				ENABLE_NS_ASSERTIONS = NO;
				ENABLE_STRICT_OBJC_MSGSEND = YES;
				GCC_C_LANGUAGE_STANDARD = gnu11;
				GCC_NO_COMMON_BLOCKS = YES;
				GCC_WARN_64_TO_32_BIT_CONVERSION = YES;
				GCC_WARN_ABOUT_RETURN_TYPE = YES_ERROR;
				GCC_WARN_UNDECLARED_SELECTOR = YES;
				GCC_WARN_UNINITIALIZED_AUTOS = YES_AGGRESSIVE;
				GCC_WARN_UNUSED_FUNCTION = YES;
				GCC_WARN_UNUSED_VARIABLE = YES;
				IPHONEOS_DEPLOYMENT_TARGET = 11.1;
				MTL_ENABLE_DEBUG_INFO = NO;
				SDKROOT = iphoneos;
				SWIFT_OPTIMIZATION_LEVEL = "-Owholemodule";
				VALIDATE_PRODUCT = YES;
			};
			name = Release;
		};
		17205F1920172C1F00E9379A /* Debug */ = {
			isa = XCBuildConfiguration;
			buildSettings = {
				ASSETCATALOG_COMPILER_APPICON_NAME = AppIcon;
				CODE_SIGN_STYLE = Automatic;
				DEVELOPMENT_TEAM = 5BZCB9SHK6;
				INFOPLIST_FILE = TYTiedRender/Info.plist;
				LD_RUNPATH_SEARCH_PATHS = "$(inherited) @executable_path/Frameworks";
				PRODUCT_BUNDLE_IDENTIFIER = TYTiedRender;
				PRODUCT_NAME = "$(TARGET_NAME)";
				SWIFT_VERSION = 4.0;
				TARGETED_DEVICE_FAMILY = "1,2";
			};
			name = Debug;
		};
		17205F1A20172C1F00E9379A /* Release */ = {
			isa = XCBuildConfiguration;
			buildSettings = {
				ASSETCATALOG_COMPILER_APPICON_NAME = AppIcon;
				CODE_SIGN_STYLE = Automatic;
				DEVELOPMENT_TEAM = 5BZCB9SHK6;
				INFOPLIST_FILE = TYTiedRender/Info.plist;
				LD_RUNPATH_SEARCH_PATHS = "$(inherited) @executable_path/Frameworks";
				PRODUCT_BUNDLE_IDENTIFIER = TYTiedRender;
				PRODUCT_NAME = "$(TARGET_NAME)";
				SWIFT_VERSION = 4.0;
				TARGETED_DEVICE_FAMILY = "1,2";
			};
			name = Release;
		};
/* End XCBuildConfiguration section */

/* Begin XCConfigurationList section */
		17205F0120172C1F00E9379A /* Build configuration list for PBXProject "TYTiedRender" */ = {
			isa = XCConfigurationList;
			buildConfigurations = (
				17205F1620172C1F00E9379A /* Debug */,
				17205F1720172C1F00E9379A /* Release */,
			);
			defaultConfigurationIsVisible = 0;
			defaultConfigurationName = Release;
		};
		17205F1820172C1F00E9379A /* Build configuration list for PBXNativeTarget "TYTiedRender" */ = {
			isa = XCConfigurationList;
			buildConfigurations = (
				17205F1920172C1F00E9379A /* Debug */,
				17205F1A20172C1F00E9379A /* Release */,
			);
			defaultConfigurationIsVisible = 0;
			defaultConfigurationName = Release;
		};
/* End XCConfigurationList section */
	};
	rootObject = 17205EFE20172C1F00E9379A /* Project object */;
}
